<?xml version="1.0" encoding="UTF-8"?>
<!DOCTYPE plist PUBLIC "-//Apple//DTD PLIST 1.0//EN" "http://www.apple.com/DTDs/PropertyList-1.0.dtd">
<plist version="1.0">
<dict>
	<key>archiveVersion</key>
	<string>1</string>
	<key>classes</key>
	<dict/>
	<key>objectVersion</key>
	<string>46</string>
	<key>objects</key>
	<dict>
		<key>02110A0919BF3D9600DA33E2</key>
		<dict>
			<key>children</key>
			<array>
				<string>02110A0A19BF3DB300DA33E2</string>
				<string>02110A0B19BF3DB300DA33E2</string>
			</array>
			<key>isa</key>
			<string>PBXGroup</string>
			<key>name</key>
			<string>NewsCells</string>
			<key>sourceTree</key>
			<string>&lt;group&gt;</string>
		</dict>
		<key>02110A0A19BF3DB300DA33E2</key>
		<dict>
			<key>fileEncoding</key>
			<string>4</string>
			<key>isa</key>
			<string>PBXFileReference</string>
			<key>lastKnownFileType</key>
			<string>sourcecode.c.h</string>
			<key>path</key>
			<string>NewsCell.h</string>
			<key>sourceTree</key>
			<string>&lt;group&gt;</string>
		</dict>
		<key>02110A0B19BF3DB300DA33E2</key>
		<dict>
			<key>fileEncoding</key>
			<string>4</string>
			<key>isa</key>
			<string>PBXFileReference</string>
			<key>lastKnownFileType</key>
			<string>sourcecode.c.objc</string>
			<key>path</key>
			<string>NewsCell.m</string>
			<key>sourceTree</key>
			<string>&lt;group&gt;</string>
		</dict>
		<key>02110A0C19BF3DB300DA33E2</key>
		<dict>
			<key>fileRef</key>
			<string>02110A0B19BF3DB300DA33E2</string>
			<key>isa</key>
			<string>PBXBuildFile</string>
		</dict>
		<key>02110A0D19BF457E00DA33E2</key>
		<dict>
			<key>fileEncoding</key>
			<string>4</string>
			<key>isa</key>
			<string>PBXFileReference</string>
			<key>lastKnownFileType</key>
			<string>sourcecode.c.h</string>
			<key>path</key>
			<string>CustomSegmentedControl.h</string>
			<key>sourceTree</key>
			<string>&lt;group&gt;</string>
		</dict>
		<key>02110A0E19BF457E00DA33E2</key>
		<dict>
			<key>fileEncoding</key>
			<string>4</string>
			<key>isa</key>
			<string>PBXFileReference</string>
			<key>lastKnownFileType</key>
			<string>sourcecode.c.objc</string>
			<key>path</key>
			<string>CustomSegmentedControl.m</string>
			<key>sourceTree</key>
			<string>&lt;group&gt;</string>
		</dict>
		<key>02110A0F19BF457E00DA33E2</key>
		<dict>
			<key>fileRef</key>
			<string>02110A0E19BF457E00DA33E2</string>
			<key>isa</key>
			<string>PBXBuildFile</string>
		</dict>
		<key>0231475819BC917D00C95DC0</key>
		<dict>
			<key>children</key>
			<array>
				<string>0231475919BC91B500C95DC0</string>
				<string>0231475A19BC91B500C95DC0</string>
				<string>0231475C19BC91CB00C95DC0</string>
				<string>0231475D19BC91CB00C95DC0</string>
			</array>
			<key>isa</key>
			<string>PBXGroup</string>
			<key>name</key>
			<string>PersonalCells</string>
			<key>sourceTree</key>
			<string>&lt;group&gt;</string>
		</dict>
		<key>0231475919BC91B500C95DC0</key>
		<dict>
			<key>fileEncoding</key>
			<string>4</string>
			<key>isa</key>
			<string>PBXFileReference</string>
			<key>lastKnownFileType</key>
			<string>sourcecode.c.h</string>
			<key>path</key>
			<string>PersonalImageCell.h</string>
			<key>sourceTree</key>
			<string>&lt;group&gt;</string>
		</dict>
		<key>0231475A19BC91B500C95DC0</key>
		<dict>
			<key>fileEncoding</key>
			<string>4</string>
			<key>isa</key>
			<string>PBXFileReference</string>
			<key>lastKnownFileType</key>
			<string>sourcecode.c.objc</string>
			<key>path</key>
			<string>PersonalImageCell.m</string>
			<key>sourceTree</key>
			<string>&lt;group&gt;</string>
		</dict>
		<key>0231475B19BC91B500C95DC0</key>
		<dict>
			<key>fileRef</key>
			<string>0231475A19BC91B500C95DC0</string>
			<key>isa</key>
			<string>PBXBuildFile</string>
		</dict>
		<key>0231475C19BC91CB00C95DC0</key>
		<dict>
			<key>fileEncoding</key>
			<string>4</string>
			<key>isa</key>
			<string>PBXFileReference</string>
			<key>lastKnownFileType</key>
			<string>sourcecode.c.h</string>
			<key>path</key>
			<string>PersonalCell.h</string>
			<key>sourceTree</key>
			<string>&lt;group&gt;</string>
		</dict>
		<key>0231475D19BC91CB00C95DC0</key>
		<dict>
			<key>fileEncoding</key>
			<string>4</string>
			<key>isa</key>
			<string>PBXFileReference</string>
			<key>lastKnownFileType</key>
			<string>sourcecode.c.objc</string>
			<key>path</key>
			<string>PersonalCell.m</string>
			<key>sourceTree</key>
			<string>&lt;group&gt;</string>
		</dict>
		<key>0231475E19BC91CB00C95DC0</key>
		<dict>
			<key>fileRef</key>
			<string>0231475D19BC91CB00C95DC0</string>
			<key>isa</key>
			<string>PBXBuildFile</string>
		</dict>
		<key>02364BD719BD848200083F37</key>
		<dict>
			<key>fileEncoding</key>
			<string>4</string>
			<key>isa</key>
			<string>PBXFileReference</string>
			<key>lastKnownFileType</key>
			<string>sourcecode.c.h</string>
			<key>path</key>
			<string>WorkingListViewController.h</string>
			<key>sourceTree</key>
			<string>&lt;group&gt;</string>
		</dict>
		<key>02364BD819BD848200083F37</key>
		<dict>
			<key>fileEncoding</key>
			<string>4</string>
			<key>isa</key>
			<string>PBXFileReference</string>
			<key>lastKnownFileType</key>
			<string>sourcecode.c.objc</string>
			<key>path</key>
			<string>WorkingListViewController.m</string>
			<key>sourceTree</key>
			<string>&lt;group&gt;</string>
		</dict>
		<key>02364BD919BD848200083F37</key>
		<dict>
			<key>fileRef</key>
			<string>02364BD819BD848200083F37</string>
			<key>isa</key>
			<string>PBXBuildFile</string>
		</dict>
		<key>02364BDA19BD8C2500083F37</key>
		<dict>
			<key>fileEncoding</key>
			<string>4</string>
			<key>isa</key>
			<string>PBXFileReference</string>
			<key>lastKnownFileType</key>
			<string>sourcecode.c.h</string>
			<key>path</key>
			<string>UIImage+UIColor.h</string>
			<key>sourceTree</key>
			<string>&lt;group&gt;</string>
		</dict>
		<key>02364BDB19BD8C2500083F37</key>
		<dict>
			<key>fileEncoding</key>
			<string>4</string>
			<key>isa</key>
			<string>PBXFileReference</string>
			<key>lastKnownFileType</key>
			<string>sourcecode.c.objc</string>
			<key>path</key>
			<string>UIImage+UIColor.m</string>
			<key>sourceTree</key>
			<string>&lt;group&gt;</string>
		</dict>
		<key>02364BDC19BD8C2500083F37</key>
		<dict>
			<key>fileRef</key>
			<string>02364BDB19BD8C2500083F37</string>
			<key>isa</key>
			<string>PBXBuildFile</string>
		</dict>
		<key>02364BDD19BDD44F00083F37</key>
		<dict>
			<key>children</key>
			<array>
				<string>02364BDE19BDD71300083F37</string>
				<string>02364BDF19BDD71300083F37</string>
			</array>
			<key>isa</key>
			<string>PBXGroup</string>
			<key>name</key>
			<string>WorkingListCells</string>
			<key>sourceTree</key>
			<string>&lt;group&gt;</string>
		</dict>
		<key>02364BDE19BDD71300083F37</key>
		<dict>
			<key>fileEncoding</key>
			<string>4</string>
			<key>isa</key>
			<string>PBXFileReference</string>
			<key>lastKnownFileType</key>
			<string>sourcecode.c.h</string>
			<key>path</key>
			<string>WorkingListCell.h</string>
			<key>sourceTree</key>
			<string>&lt;group&gt;</string>
		</dict>
		<key>02364BDF19BDD71300083F37</key>
		<dict>
			<key>fileEncoding</key>
			<string>4</string>
			<key>isa</key>
			<string>PBXFileReference</string>
			<key>lastKnownFileType</key>
			<string>sourcecode.c.objc</string>
			<key>path</key>
			<string>WorkingListCell.m</string>
			<key>sourceTree</key>
			<string>&lt;group&gt;</string>
		</dict>
		<key>02364BE019BDD71300083F37</key>
		<dict>
			<key>fileRef</key>
			<string>02364BDF19BDD71300083F37</string>
			<key>isa</key>
			<string>PBXBuildFile</string>
		</dict>
		<key>02364BE119BDDF4200083F37</key>
		<dict>
			<key>fileEncoding</key>
			<string>4</string>
			<key>isa</key>
			<string>PBXFileReference</string>
			<key>lastKnownFileType</key>
			<string>sourcecode.c.h</string>
			<key>path</key>
			<string>WorkingDetailViewController.h</string>
			<key>sourceTree</key>
			<string>&lt;group&gt;</string>
		</dict>
		<key>02364BE219BDDF4200083F37</key>
		<dict>
			<key>fileEncoding</key>
			<string>4</string>
			<key>isa</key>
			<string>PBXFileReference</string>
			<key>lastKnownFileType</key>
			<string>sourcecode.c.objc</string>
			<key>path</key>
			<string>WorkingDetailViewController.m</string>
			<key>sourceTree</key>
			<string>&lt;group&gt;</string>
		</dict>
		<key>02364BE319BDDF4200083F37</key>
		<dict>
			<key>fileRef</key>
			<string>02364BE219BDDF4200083F37</string>
			<key>isa</key>
			<string>PBXBuildFile</string>
		</dict>
		<key>029202E319BB337C0042C09C</key>
		<dict>
			<key>children</key>
			<array>
				<string>029202F519BB337C0042C09C</string>
				<string>0292031719BB337C0042C09C</string>
				<string>029202EE19BB337C0042C09C</string>
				<string>029202ED19BB337C0042C09C</string>
				<string>D2CAACA5EB4A4EA49B4C657F</string>
			</array>
			<key>isa</key>
			<string>PBXGroup</string>
			<key>sourceTree</key>
			<string>&lt;group&gt;</string>
		</dict>
		<key>029202E419BB337C0042C09C</key>
		<dict>
			<key>attributes</key>
			<dict>
				<key>LastUpgradeCheck</key>
				<string>0510</string>
				<key>ORGANIZATIONNAME</key>
				<string>lidi</string>
				<key>TargetAttributes</key>
				<dict>
					<key>0292030F19BB337C0042C09C</key>
					<dict>
						<key>TestTargetID</key>
						<string>029202EB19BB337C0042C09C</string>
					</dict>
				</dict>
			</dict>
			<key>buildConfigurationList</key>
			<string>029202E719BB337C0042C09C</string>
			<key>compatibilityVersion</key>
			<string>Xcode 3.2</string>
			<key>developmentRegion</key>
			<string>English</string>
			<key>hasScannedForEncodings</key>
			<string>0</string>
			<key>isa</key>
			<string>PBXProject</string>
			<key>knownRegions</key>
			<array>
				<string>en</string>
				<string>Base</string>
			</array>
			<key>mainGroup</key>
			<string>029202E319BB337C0042C09C</string>
			<key>productRefGroup</key>
			<string>029202ED19BB337C0042C09C</string>
			<key>projectDirPath</key>
			<string></string>
			<key>projectReferences</key>
			<array/>
			<key>projectRoot</key>
			<string></string>
			<key>targets</key>
			<array>
				<string>029202EB19BB337C0042C09C</string>
				<string>0292030F19BB337C0042C09C</string>
			</array>
		</dict>
		<key>029202E719BB337C0042C09C</key>
		<dict>
			<key>buildConfigurations</key>
			<array>
				<string>0292031F19BB337C0042C09C</string>
				<string>0292032019BB337C0042C09C</string>
			</array>
			<key>defaultConfigurationIsVisible</key>
			<string>0</string>
			<key>defaultConfigurationName</key>
			<string>Release</string>
			<key>isa</key>
			<string>XCConfigurationList</string>
		</dict>
		<key>029202E819BB337C0042C09C</key>
		<dict>
			<key>buildActionMask</key>
			<string>2147483647</string>
			<key>files</key>
			<array>
				<string>0292034719BB78620042C09C</string>
				<string>0292030019BB337C0042C09C</string>
				<string>02110A0C19BF3DB300DA33E2</string>
				<string>0292033619BB45F80042C09C</string>
				<string>02364BE019BDD71300083F37</string>
				<string>029202FC19BB337C0042C09C</string>
				<string>0292032A19BB36AF0042C09C</string>
				<string>0292039E19BB7F990042C09C</string>
				<string>0292034419BB67C60042C09C</string>
				<string>0292038919BB7BF50042C09C</string>
				<string>02364BD919BD848200083F37</string>
				<string>0292033019BB378D0042C09C</string>
				<string>3B45D4B819BEA23900EFE2EA</string>
				<string>0292039619BB7BF50042C09C</string>
				<string>02110A0F19BF457E00DA33E2</string>
				<string>02364BDC19BD8C2500083F37</string>
				<string>0231475B19BC91B500C95DC0</string>
				<string>3B45D4B519BEA21900EFE2EA</string>
				<string>0292032D19BB374C0042C09C</string>
				<string>0292033319BB37E50042C09C</string>
				<string>0231475E19BC91CB00C95DC0</string>
				<string>0292034119BB52630042C09C</string>
				<string>3B45D4BB19BEDC7800EFE2EA</string>
				<string>0292033A19BB49900042C09C</string>
				<string>02364BE319BDDF4200083F37</string>
			</array>
			<key>isa</key>
			<string>PBXSourcesBuildPhase</string>
			<key>runOnlyForDeploymentPostprocessing</key>
			<string>0</string>
		</dict>
		<key>029202E919BB337C0042C09C</key>
		<dict>
			<key>buildActionMask</key>
			<string>2147483647</string>
			<key>files</key>
			<array>
				<string>029202F219BB337C0042C09C</string>
				<string>029202F419BB337C0042C09C</string>
				<string>029202F019BB337C0042C09C</string>
				<string>2DE7F5F24FF34BA6A97EFBAA</string>
			</array>
			<key>isa</key>
			<string>PBXFrameworksBuildPhase</string>
			<key>runOnlyForDeploymentPostprocessing</key>
			<string>0</string>
		</dict>
		<key>029202EA19BB337C0042C09C</key>
		<dict>
			<key>buildActionMask</key>
			<string>2147483647</string>
			<key>files</key>
			<array>
				<string>0292030B19BB337C0042C09C</string>
				<string>3B45D4BD19BEDCBA00EFE2EA</string>
				<string>029202FA19BB337C0042C09C</string>
				<string>0292030319BB337C0042C09C</string>
				<string>0292033E19BB52540042C09C</string>
				<string>0292033C19BB49A30042C09C</string>
			</array>
			<key>isa</key>
			<string>PBXResourcesBuildPhase</string>
			<key>runOnlyForDeploymentPostprocessing</key>
			<string>0</string>
		</dict>
		<key>029202EB19BB337C0042C09C</key>
		<dict>
			<key>buildConfigurationList</key>
			<string>0292032119BB337C0042C09C</string>
			<key>buildPhases</key>
			<array>
				<string>FB33A1093F5B4C9DAF0FC446</string>
				<string>029202E819BB337C0042C09C</string>
				<string>029202E919BB337C0042C09C</string>
				<string>029202EA19BB337C0042C09C</string>
				<string>46FF71588C444DADBD12537A</string>
			</array>
			<key>buildRules</key>
			<array/>
			<key>dependencies</key>
			<array/>
			<key>isa</key>
			<string>PBXNativeTarget</string>
			<key>name</key>
			<string>hylink</string>
			<key>productName</key>
			<string>hylink</string>
			<key>productReference</key>
			<string>029202EC19BB337C0042C09C</string>
			<key>productType</key>
			<string>com.apple.product-type.application</string>
		</dict>
		<key>029202EC19BB337C0042C09C</key>
		<dict>
			<key>explicitFileType</key>
			<string>wrapper.application</string>
			<key>includeInIndex</key>
			<string>0</string>
			<key>isa</key>
			<string>PBXFileReference</string>
			<key>path</key>
			<string>hylink.app</string>
			<key>sourceTree</key>
			<string>BUILT_PRODUCTS_DIR</string>
		</dict>
		<key>029202ED19BB337C0042C09C</key>
		<dict>
			<key>children</key>
			<array>
				<string>029202EC19BB337C0042C09C</string>
				<string>0292031019BB337C0042C09C</string>
			</array>
			<key>isa</key>
			<string>PBXGroup</string>
			<key>name</key>
			<string>Products</string>
			<key>sourceTree</key>
			<string>&lt;group&gt;</string>
		</dict>
		<key>029202EE19BB337C0042C09C</key>
		<dict>
			<key>children</key>
			<array>
				<string>029202EF19BB337C0042C09C</string>
				<string>029202F119BB337C0042C09C</string>
				<string>029202F319BB337C0042C09C</string>
				<string>0292031119BB337C0042C09C</string>
				<string>029F5C42A21F49CD939E2051</string>
			</array>
			<key>isa</key>
			<string>PBXGroup</string>
			<key>name</key>
			<string>Frameworks</string>
			<key>sourceTree</key>
			<string>&lt;group&gt;</string>
		</dict>
		<key>029202EF19BB337C0042C09C</key>
		<dict>
			<key>isa</key>
			<string>PBXFileReference</string>
			<key>lastKnownFileType</key>
			<string>wrapper.framework</string>
			<key>name</key>
			<string>Foundation.framework</string>
			<key>path</key>
			<string>System/Library/Frameworks/Foundation.framework</string>
			<key>sourceTree</key>
			<string>SDKROOT</string>
		</dict>
		<key>029202F019BB337C0042C09C</key>
		<dict>
			<key>fileRef</key>
			<string>029202EF19BB337C0042C09C</string>
			<key>isa</key>
			<string>PBXBuildFile</string>
		</dict>
		<key>029202F119BB337C0042C09C</key>
		<dict>
			<key>isa</key>
			<string>PBXFileReference</string>
			<key>lastKnownFileType</key>
			<string>wrapper.framework</string>
			<key>name</key>
			<string>CoreGraphics.framework</string>
			<key>path</key>
			<string>System/Library/Frameworks/CoreGraphics.framework</string>
			<key>sourceTree</key>
			<string>SDKROOT</string>
		</dict>
		<key>029202F219BB337C0042C09C</key>
		<dict>
			<key>fileRef</key>
			<string>029202F119BB337C0042C09C</string>
			<key>isa</key>
			<string>PBXBuildFile</string>
		</dict>
		<key>029202F319BB337C0042C09C</key>
		<dict>
			<key>isa</key>
			<string>PBXFileReference</string>
			<key>lastKnownFileType</key>
			<string>wrapper.framework</string>
			<key>name</key>
			<string>UIKit.framework</string>
			<key>path</key>
			<string>System/Library/Frameworks/UIKit.framework</string>
			<key>sourceTree</key>
			<string>SDKROOT</string>
		</dict>
		<key>029202F419BB337C0042C09C</key>
		<dict>
			<key>fileRef</key>
			<string>029202F319BB337C0042C09C</string>
			<key>isa</key>
			<string>PBXBuildFile</string>
		</dict>
		<key>029202F519BB337C0042C09C</key>
		<dict>
			<key>children</key>
			<array>
				<string>0292034819BB7BF50042C09C</string>
				<string>0292033719BB49600042C09C</string>
				<string>0292032719BB368F0042C09C</string>
				<string>029202FE19BB337C0042C09C</string>
				<string>029202FF19BB337C0042C09C</string>
				<string>0292033419BB45F80042C09C</string>
				<string>0292033519BB45F80042C09C</string>
				<string>0292030119BB337C0042C09C</string>
				<string>0292030A19BB337C0042C09C</string>
				<string>029202F619BB337C0042C09C</string>
			</array>
			<key>isa</key>
			<string>PBXGroup</string>
			<key>path</key>
			<string>hylink</string>
			<key>sourceTree</key>
			<string>&lt;group&gt;</string>
		</dict>
		<key>029202F619BB337C0042C09C</key>
		<dict>
			<key>children</key>
			<array>
				<string>029202F719BB337C0042C09C</string>
				<string>029202F819BB337C0042C09C</string>
				<string>029202FB19BB337C0042C09C</string>
				<string>029202FD19BB337C0042C09C</string>
			</array>
			<key>isa</key>
			<string>PBXGroup</string>
			<key>name</key>
			<string>Supporting Files</string>
			<key>sourceTree</key>
			<string>&lt;group&gt;</string>
		</dict>
		<key>029202F719BB337C0042C09C</key>
		<dict>
			<key>isa</key>
			<string>PBXFileReference</string>
			<key>lastKnownFileType</key>
			<string>text.plist.xml</string>
			<key>path</key>
			<string>hylink-Info.plist</string>
			<key>sourceTree</key>
			<string>&lt;group&gt;</string>
		</dict>
		<key>029202F819BB337C0042C09C</key>
		<dict>
			<key>children</key>
			<array>
				<string>029202F919BB337C0042C09C</string>
			</array>
			<key>isa</key>
			<string>PBXVariantGroup</string>
			<key>name</key>
			<string>InfoPlist.strings</string>
			<key>sourceTree</key>
			<string>&lt;group&gt;</string>
		</dict>
		<key>029202F919BB337C0042C09C</key>
		<dict>
			<key>isa</key>
			<string>PBXFileReference</string>
			<key>lastKnownFileType</key>
			<string>text.plist.strings</string>
			<key>name</key>
			<string>en</string>
			<key>path</key>
			<string>en.lproj/InfoPlist.strings</string>
			<key>sourceTree</key>
			<string>&lt;group&gt;</string>
		</dict>
		<key>029202FA19BB337C0042C09C</key>
		<dict>
			<key>fileRef</key>
			<string>029202F819BB337C0042C09C</string>
			<key>isa</key>
			<string>PBXBuildFile</string>
		</dict>
		<key>029202FB19BB337C0042C09C</key>
		<dict>
			<key>isa</key>
			<string>PBXFileReference</string>
			<key>lastKnownFileType</key>
			<string>sourcecode.c.objc</string>
			<key>path</key>
			<string>main.m</string>
			<key>sourceTree</key>
			<string>&lt;group&gt;</string>
		</dict>
		<key>029202FC19BB337C0042C09C</key>
		<dict>
			<key>fileRef</key>
			<string>029202FB19BB337C0042C09C</string>
			<key>isa</key>
			<string>PBXBuildFile</string>
		</dict>
		<key>029202FD19BB337C0042C09C</key>
		<dict>
			<key>isa</key>
			<string>PBXFileReference</string>
			<key>lastKnownFileType</key>
			<string>sourcecode.c.h</string>
			<key>path</key>
			<string>hylink-Prefix.pch</string>
			<key>sourceTree</key>
			<string>&lt;group&gt;</string>
		</dict>
		<key>029202FE19BB337C0042C09C</key>
		<dict>
			<key>isa</key>
			<string>PBXFileReference</string>
			<key>lastKnownFileType</key>
			<string>sourcecode.c.h</string>
			<key>path</key>
			<string>AppDelegate.h</string>
			<key>sourceTree</key>
			<string>&lt;group&gt;</string>
		</dict>
		<key>029202FF19BB337C0042C09C</key>
		<dict>
			<key>isa</key>
			<string>PBXFileReference</string>
			<key>lastKnownFileType</key>
			<string>sourcecode.c.objc</string>
			<key>path</key>
			<string>AppDelegate.m</string>
			<key>sourceTree</key>
			<string>&lt;group&gt;</string>
		</dict>
		<key>0292030019BB337C0042C09C</key>
		<dict>
			<key>fileRef</key>
			<string>029202FF19BB337C0042C09C</string>
			<key>isa</key>
			<string>PBXBuildFile</string>
		</dict>
		<key>0292030119BB337C0042C09C</key>
		<dict>
			<key>children</key>
			<array>
				<string>0292030219BB337C0042C09C</string>
			</array>
			<key>isa</key>
			<string>PBXVariantGroup</string>
			<key>name</key>
			<string>Main.storyboard</string>
			<key>sourceTree</key>
			<string>&lt;group&gt;</string>
		</dict>
		<key>0292030219BB337C0042C09C</key>
		<dict>
			<key>isa</key>
			<string>PBXFileReference</string>
			<key>lastKnownFileType</key>
			<string>file.storyboard</string>
			<key>name</key>
			<string>Base</string>
			<key>path</key>
			<string>Base.lproj/Main.storyboard</string>
			<key>sourceTree</key>
			<string>&lt;group&gt;</string>
		</dict>
		<key>0292030319BB337C0042C09C</key>
		<dict>
			<key>fileRef</key>
			<string>0292030119BB337C0042C09C</string>
			<key>isa</key>
			<string>PBXBuildFile</string>
		</dict>
		<key>0292030A19BB337C0042C09C</key>
		<dict>
			<key>isa</key>
			<string>PBXFileReference</string>
			<key>lastKnownFileType</key>
			<string>folder.assetcatalog</string>
			<key>path</key>
			<string>Images.xcassets</string>
			<key>sourceTree</key>
			<string>&lt;group&gt;</string>
		</dict>
		<key>0292030B19BB337C0042C09C</key>
		<dict>
			<key>fileRef</key>
			<string>0292030A19BB337C0042C09C</string>
			<key>isa</key>
			<string>PBXBuildFile</string>
		</dict>
		<key>0292030C19BB337C0042C09C</key>
		<dict>
			<key>buildActionMask</key>
			<string>2147483647</string>
			<key>files</key>
			<array>
				<string>0292031E19BB337C0042C09C</string>
			</array>
			<key>isa</key>
			<string>PBXSourcesBuildPhase</string>
			<key>runOnlyForDeploymentPostprocessing</key>
			<string>0</string>
		</dict>
		<key>0292030D19BB337C0042C09C</key>
		<dict>
			<key>buildActionMask</key>
			<string>2147483647</string>
			<key>files</key>
			<array>
				<string>0292031219BB337C0042C09C</string>
				<string>0292031419BB337C0042C09C</string>
				<string>0292031319BB337C0042C09C</string>
			</array>
			<key>isa</key>
			<string>PBXFrameworksBuildPhase</string>
			<key>runOnlyForDeploymentPostprocessing</key>
			<string>0</string>
		</dict>
		<key>0292030E19BB337C0042C09C</key>
		<dict>
			<key>buildActionMask</key>
			<string>2147483647</string>
			<key>files</key>
			<array>
				<string>0292031C19BB337C0042C09C</string>
			</array>
			<key>isa</key>
			<string>PBXResourcesBuildPhase</string>
			<key>runOnlyForDeploymentPostprocessing</key>
			<string>0</string>
		</dict>
		<key>0292030F19BB337C0042C09C</key>
		<dict>
			<key>buildConfigurationList</key>
			<string>0292032419BB337C0042C09C</string>
			<key>buildPhases</key>
			<array>
				<string>0292030C19BB337C0042C09C</string>
				<string>0292030D19BB337C0042C09C</string>
				<string>0292030E19BB337C0042C09C</string>
			</array>
			<key>buildRules</key>
			<array/>
			<key>dependencies</key>
			<array>
				<string>0292031619BB337C0042C09C</string>
			</array>
			<key>isa</key>
			<string>PBXNativeTarget</string>
			<key>name</key>
			<string>hylinkTests</string>
			<key>productName</key>
			<string>hylinkTests</string>
			<key>productReference</key>
			<string>0292031019BB337C0042C09C</string>
			<key>productType</key>
			<string>com.apple.product-type.bundle.unit-test</string>
		</dict>
		<key>0292031019BB337C0042C09C</key>
		<dict>
			<key>explicitFileType</key>
			<string>wrapper.cfbundle</string>
			<key>includeInIndex</key>
			<string>0</string>
			<key>isa</key>
			<string>PBXFileReference</string>
			<key>path</key>
			<string>hylinkTests.xctest</string>
			<key>sourceTree</key>
			<string>BUILT_PRODUCTS_DIR</string>
		</dict>
		<key>0292031119BB337C0042C09C</key>
		<dict>
			<key>isa</key>
			<string>PBXFileReference</string>
			<key>lastKnownFileType</key>
			<string>wrapper.framework</string>
			<key>name</key>
			<string>XCTest.framework</string>
			<key>path</key>
			<string>Library/Frameworks/XCTest.framework</string>
			<key>sourceTree</key>
			<string>DEVELOPER_DIR</string>
		</dict>
		<key>0292031219BB337C0042C09C</key>
		<dict>
			<key>fileRef</key>
			<string>0292031119BB337C0042C09C</string>
			<key>isa</key>
			<string>PBXBuildFile</string>
		</dict>
		<key>0292031319BB337C0042C09C</key>
		<dict>
			<key>fileRef</key>
			<string>029202EF19BB337C0042C09C</string>
			<key>isa</key>
			<string>PBXBuildFile</string>
		</dict>
		<key>0292031419BB337C0042C09C</key>
		<dict>
			<key>fileRef</key>
			<string>029202F319BB337C0042C09C</string>
			<key>isa</key>
			<string>PBXBuildFile</string>
		</dict>
		<key>0292031519BB337C0042C09C</key>
		<dict>
			<key>containerPortal</key>
			<string>029202E419BB337C0042C09C</string>
			<key>isa</key>
			<string>PBXContainerItemProxy</string>
			<key>proxyType</key>
			<string>1</string>
			<key>remoteGlobalIDString</key>
			<string>029202EB19BB337C0042C09C</string>
			<key>remoteInfo</key>
			<string>hylink</string>
		</dict>
		<key>0292031619BB337C0042C09C</key>
		<dict>
			<key>isa</key>
			<string>PBXTargetDependency</string>
			<key>target</key>
			<string>029202EB19BB337C0042C09C</string>
			<key>targetProxy</key>
			<string>0292031519BB337C0042C09C</string>
		</dict>
		<key>0292031719BB337C0042C09C</key>
		<dict>
			<key>children</key>
			<array>
				<string>0292031D19BB337C0042C09C</string>
				<string>0292031819BB337C0042C09C</string>
			</array>
			<key>isa</key>
			<string>PBXGroup</string>
			<key>path</key>
			<string>hylinkTests</string>
			<key>sourceTree</key>
			<string>&lt;group&gt;</string>
		</dict>
		<key>0292031819BB337C0042C09C</key>
		<dict>
			<key>children</key>
			<array>
				<string>0292031919BB337C0042C09C</string>
				<string>0292031A19BB337C0042C09C</string>
			</array>
			<key>isa</key>
			<string>PBXGroup</string>
			<key>name</key>
			<string>Supporting Files</string>
			<key>sourceTree</key>
			<string>&lt;group&gt;</string>
		</dict>
		<key>0292031919BB337C0042C09C</key>
		<dict>
			<key>isa</key>
			<string>PBXFileReference</string>
			<key>lastKnownFileType</key>
			<string>text.plist.xml</string>
			<key>path</key>
			<string>hylinkTests-Info.plist</string>
			<key>sourceTree</key>
			<string>&lt;group&gt;</string>
		</dict>
		<key>0292031A19BB337C0042C09C</key>
		<dict>
			<key>children</key>
			<array>
				<string>0292031B19BB337C0042C09C</string>
			</array>
			<key>isa</key>
			<string>PBXVariantGroup</string>
			<key>name</key>
			<string>InfoPlist.strings</string>
			<key>sourceTree</key>
			<string>&lt;group&gt;</string>
		</dict>
		<key>0292031B19BB337C0042C09C</key>
		<dict>
			<key>isa</key>
			<string>PBXFileReference</string>
			<key>lastKnownFileType</key>
			<string>text.plist.strings</string>
			<key>name</key>
			<string>en</string>
			<key>path</key>
			<string>en.lproj/InfoPlist.strings</string>
			<key>sourceTree</key>
			<string>&lt;group&gt;</string>
		</dict>
		<key>0292031C19BB337C0042C09C</key>
		<dict>
			<key>fileRef</key>
			<string>0292031A19BB337C0042C09C</string>
			<key>isa</key>
			<string>PBXBuildFile</string>
		</dict>
		<key>0292031D19BB337C0042C09C</key>
		<dict>
			<key>isa</key>
			<string>PBXFileReference</string>
			<key>lastKnownFileType</key>
			<string>sourcecode.c.objc</string>
			<key>path</key>
			<string>hylinkTests.m</string>
			<key>sourceTree</key>
			<string>&lt;group&gt;</string>
		</dict>
		<key>0292031E19BB337C0042C09C</key>
		<dict>
			<key>fileRef</key>
			<string>0292031D19BB337C0042C09C</string>
			<key>isa</key>
			<string>PBXBuildFile</string>
		</dict>
		<key>0292031F19BB337C0042C09C</key>
		<dict>
			<key>buildSettings</key>
			<dict>
				<key>ALWAYS_SEARCH_USER_PATHS</key>
				<string>NO</string>
				<key>CLANG_CXX_LANGUAGE_STANDARD</key>
				<string>gnu++0x</string>
				<key>CLANG_CXX_LIBRARY</key>
				<string>libc++</string>
				<key>CLANG_ENABLE_MODULES</key>
				<string>YES</string>
				<key>CLANG_ENABLE_OBJC_ARC</key>
				<string>YES</string>
				<key>CLANG_WARN_BOOL_CONVERSION</key>
				<string>YES</string>
				<key>CLANG_WARN_CONSTANT_CONVERSION</key>
				<string>YES</string>
				<key>CLANG_WARN_DIRECT_OBJC_ISA_USAGE</key>
				<string>YES_ERROR</string>
				<key>CLANG_WARN_EMPTY_BODY</key>
				<string>YES</string>
				<key>CLANG_WARN_ENUM_CONVERSION</key>
				<string>YES</string>
				<key>CLANG_WARN_INT_CONVERSION</key>
				<string>YES</string>
				<key>CLANG_WARN_OBJC_ROOT_CLASS</key>
				<string>YES_ERROR</string>
				<key>CLANG_WARN__DUPLICATE_METHOD_MATCH</key>
				<string>YES</string>
				<key>CODE_SIGN_IDENTITY</key>
				<string>iPhone Developer: Jim Min (76NDZXKT6H)</string>
				<key>CODE_SIGN_IDENTITY[sdk=iphoneos*]</key>
				<string>iPhone Developer: Jim Min (76NDZXKT6H)</string>
				<key>COPY_PHASE_STRIP</key>
				<string>NO</string>
				<key>GCC_C_LANGUAGE_STANDARD</key>
				<string>gnu99</string>
				<key>GCC_DYNAMIC_NO_PIC</key>
				<string>NO</string>
				<key>GCC_OPTIMIZATION_LEVEL</key>
				<string>0</string>
				<key>GCC_PREPROCESSOR_DEFINITIONS</key>
				<array>
					<string>DEBUG=1</string>
					<string>$(inherited)</string>
				</array>
				<key>GCC_SYMBOLS_PRIVATE_EXTERN</key>
				<string>NO</string>
				<key>GCC_WARN_64_TO_32_BIT_CONVERSION</key>
				<string>YES</string>
				<key>GCC_WARN_ABOUT_RETURN_TYPE</key>
				<string>YES_ERROR</string>
				<key>GCC_WARN_UNDECLARED_SELECTOR</key>
				<string>YES</string>
				<key>GCC_WARN_UNINITIALIZED_AUTOS</key>
				<string>YES_AGGRESSIVE</string>
				<key>GCC_WARN_UNUSED_FUNCTION</key>
				<string>YES</string>
				<key>GCC_WARN_UNUSED_VARIABLE</key>
				<string>YES</string>
				<key>IPHONEOS_DEPLOYMENT_TARGET</key>
				<string>7.0</string>
				<key>ONLY_ACTIVE_ARCH</key>
				<string>YES</string>
				<key>PROVISIONING_PROFILE</key>
				<string>9876bbe5-09db-43d0-a7f6-480ee59e09f9</string>
				<key>SDKROOT</key>
				<string>iphoneos</string>
			</dict>
			<key>isa</key>
			<string>XCBuildConfiguration</string>
			<key>name</key>
			<string>Debug</string>
		</dict>
		<key>0292032019BB337C0042C09C</key>
		<dict>
			<key>buildSettings</key>
			<dict>
				<key>ALWAYS_SEARCH_USER_PATHS</key>
				<string>NO</string>
				<key>CLANG_CXX_LANGUAGE_STANDARD</key>
				<string>gnu++0x</string>
				<key>CLANG_CXX_LIBRARY</key>
				<string>libc++</string>
				<key>CLANG_ENABLE_MODULES</key>
				<string>YES</string>
				<key>CLANG_ENABLE_OBJC_ARC</key>
				<string>YES</string>
				<key>CLANG_WARN_BOOL_CONVERSION</key>
				<string>YES</string>
				<key>CLANG_WARN_CONSTANT_CONVERSION</key>
				<string>YES</string>
				<key>CLANG_WARN_DIRECT_OBJC_ISA_USAGE</key>
				<string>YES_ERROR</string>
				<key>CLANG_WARN_EMPTY_BODY</key>
				<string>YES</string>
				<key>CLANG_WARN_ENUM_CONVERSION</key>
				<string>YES</string>
				<key>CLANG_WARN_INT_CONVERSION</key>
				<string>YES</string>
				<key>CLANG_WARN_OBJC_ROOT_CLASS</key>
				<string>YES_ERROR</string>
				<key>CLANG_WARN__DUPLICATE_METHOD_MATCH</key>
				<string>YES</string>
				<key>CODE_SIGN_IDENTITY</key>
				<string>iPhone Distribution: CHENG NAN (222UUNEN4P)</string>
				<key>CODE_SIGN_IDENTITY[sdk=iphoneos*]</key>
				<string>iPhone Distribution: CHENG NAN (222UUNEN4P)</string>
				<key>COPY_PHASE_STRIP</key>
				<string>YES</string>
				<key>ENABLE_NS_ASSERTIONS</key>
				<string>NO</string>
				<key>GCC_C_LANGUAGE_STANDARD</key>
				<string>gnu99</string>
				<key>GCC_WARN_64_TO_32_BIT_CONVERSION</key>
				<string>YES</string>
				<key>GCC_WARN_ABOUT_RETURN_TYPE</key>
				<string>YES_ERROR</string>
				<key>GCC_WARN_UNDECLARED_SELECTOR</key>
				<string>YES</string>
				<key>GCC_WARN_UNINITIALIZED_AUTOS</key>
				<string>YES_AGGRESSIVE</string>
				<key>GCC_WARN_UNUSED_FUNCTION</key>
				<string>YES</string>
				<key>GCC_WARN_UNUSED_VARIABLE</key>
				<string>YES</string>
				<key>IPHONEOS_DEPLOYMENT_TARGET</key>
				<string>7.0</string>
				<key>ONLY_ACTIVE_ARCH</key>
				<string>NO</string>
				<key>PROVISIONING_PROFILE</key>
				<string>9876bbe5-09db-43d0-a7f6-480ee59e09f9</string>
				<key>SDKROOT</key>
				<string>iphoneos</string>
				<key>VALIDATE_PRODUCT</key>
				<string>YES</string>
			</dict>
			<key>isa</key>
			<string>XCBuildConfiguration</string>
			<key>name</key>
			<string>Release</string>
		</dict>
		<key>0292032119BB337C0042C09C</key>
		<dict>
			<key>buildConfigurations</key>
			<array>
				<string>0292032219BB337C0042C09C</string>
				<string>0292032319BB337C0042C09C</string>
			</array>
			<key>defaultConfigurationIsVisible</key>
			<string>0</string>
			<key>defaultConfigurationName</key>
			<string>Release</string>
			<key>isa</key>
			<string>XCConfigurationList</string>
		</dict>
		<key>0292032219BB337C0042C09C</key>
		<dict>
			<key>baseConfigurationReference</key>
			<string>D2CAACA5EB4A4EA49B4C657F</string>
			<key>buildSettings</key>
			<dict>
				<key>ASSETCATALOG_COMPILER_APPICON_NAME</key>
				<string>AppIcon</string>
				<key>ASSETCATALOG_COMPILER_LAUNCHIMAGE_NAME</key>
				<string>LaunchImage</string>
				<key>CODE_SIGN_IDENTITY</key>
				<string>iPhone Developer: Jim Min (76NDZXKT6H)</string>
				<key>CODE_SIGN_IDENTITY[sdk=iphoneos*]</key>
				<string>iPhone Developer: Jim Min (76NDZXKT6H)</string>
				<key>GCC_PRECOMPILE_PREFIX_HEADER</key>
				<string>YES</string>
				<key>GCC_PREFIX_HEADER</key>
				<string>hylink/hylink-Prefix.pch</string>
				<key>INFOPLIST_FILE</key>
				<string>hylink/hylink-Info.plist</string>
				<key>PRODUCT_NAME</key>
				<string>$(TARGET_NAME)</string>
				<key>PROVISIONING_PROFILE</key>
				<string>9876bbe5-09db-43d0-a7f6-480ee59e09f9</string>
				<key>WRAPPER_EXTENSION</key>
				<string>app</string>
			</dict>
			<key>isa</key>
			<string>XCBuildConfiguration</string>
			<key>name</key>
			<string>Debug</string>
		</dict>
		<key>0292032319BB337C0042C09C</key>
		<dict>
			<key>baseConfigurationReference</key>
			<string>D2CAACA5EB4A4EA49B4C657F</string>
			<key>buildSettings</key>
			<dict>
				<key>ASSETCATALOG_COMPILER_APPICON_NAME</key>
				<string>AppIcon</string>
				<key>ASSETCATALOG_COMPILER_LAUNCHIMAGE_NAME</key>
				<string>LaunchImage</string>
				<key>CODE_SIGN_IDENTITY</key>
				<string>iPhone Distribution: CHENG NAN (222UUNEN4P)</string>
				<key>CODE_SIGN_IDENTITY[sdk=iphoneos*]</key>
				<string>iPhone Distribution: CHENG NAN (222UUNEN4P)</string>
				<key>GCC_PRECOMPILE_PREFIX_HEADER</key>
				<string>YES</string>
				<key>GCC_PREFIX_HEADER</key>
				<string>hylink/hylink-Prefix.pch</string>
				<key>INFOPLIST_FILE</key>
				<string>hylink/hylink-Info.plist</string>
				<key>PRODUCT_NAME</key>
				<string>$(TARGET_NAME)</string>
				<key>PROVISIONING_PROFILE</key>
				<string>9876bbe5-09db-43d0-a7f6-480ee59e09f9</string>
				<key>WRAPPER_EXTENSION</key>
				<string>app</string>
			</dict>
			<key>isa</key>
			<string>XCBuildConfiguration</string>
			<key>name</key>
			<string>Release</string>
		</dict>
		<key>0292032419BB337C0042C09C</key>
		<dict>
			<key>buildConfigurations</key>
			<array>
				<string>0292032519BB337C0042C09C</string>
				<string>0292032619BB337C0042C09C</string>
			</array>
			<key>defaultConfigurationIsVisible</key>
			<string>0</string>
			<key>defaultConfigurationName</key>
			<string>Release</string>
			<key>isa</key>
			<string>XCConfigurationList</string>
		</dict>
		<key>0292032519BB337C0042C09C</key>
		<dict>
			<key>buildSettings</key>
			<dict>
				<key>BUNDLE_LOADER</key>
				<string>$(BUILT_PRODUCTS_DIR)/hylink.app/hylink</string>
				<key>FRAMEWORK_SEARCH_PATHS</key>
				<array>
					<string>$(SDKROOT)/Developer/Library/Frameworks</string>
					<string>$(inherited)</string>
					<string>$(DEVELOPER_FRAMEWORKS_DIR)</string>
				</array>
				<key>GCC_PRECOMPILE_PREFIX_HEADER</key>
				<string>YES</string>
				<key>GCC_PREFIX_HEADER</key>
				<string>hylink/hylink-Prefix.pch</string>
				<key>GCC_PREPROCESSOR_DEFINITIONS</key>
				<array>
					<string>DEBUG=1</string>
					<string>$(inherited)</string>
				</array>
				<key>INFOPLIST_FILE</key>
				<string>hylinkTests/hylinkTests-Info.plist</string>
				<key>PRODUCT_NAME</key>
				<string>$(TARGET_NAME)</string>
				<key>TEST_HOST</key>
				<string>$(BUNDLE_LOADER)</string>
				<key>WRAPPER_EXTENSION</key>
				<string>xctest</string>
			</dict>
			<key>isa</key>
			<string>XCBuildConfiguration</string>
			<key>name</key>
			<string>Debug</string>
		</dict>
		<key>0292032619BB337C0042C09C</key>
		<dict>
			<key>buildSettings</key>
			<dict>
				<key>BUNDLE_LOADER</key>
				<string>$(BUILT_PRODUCTS_DIR)/hylink.app/hylink</string>
				<key>FRAMEWORK_SEARCH_PATHS</key>
				<array>
					<string>$(SDKROOT)/Developer/Library/Frameworks</string>
					<string>$(inherited)</string>
					<string>$(DEVELOPER_FRAMEWORKS_DIR)</string>
				</array>
				<key>GCC_PRECOMPILE_PREFIX_HEADER</key>
				<string>YES</string>
				<key>GCC_PREFIX_HEADER</key>
				<string>hylink/hylink-Prefix.pch</string>
				<key>INFOPLIST_FILE</key>
				<string>hylinkTests/hylinkTests-Info.plist</string>
				<key>PRODUCT_NAME</key>
				<string>$(TARGET_NAME)</string>
				<key>TEST_HOST</key>
				<string>$(BUNDLE_LOADER)</string>
				<key>WRAPPER_EXTENSION</key>
				<string>xctest</string>
			</dict>
			<key>isa</key>
			<string>XCBuildConfiguration</string>
			<key>name</key>
			<string>Release</string>
		</dict>
		<key>0292032719BB368F0042C09C</key>
		<dict>
			<key>children</key>
			<array>
				<string>0292034219BB67C60042C09C</string>
				<string>0292034319BB67C60042C09C</string>
				<string>0292034519BB78620042C09C</string>
				<string>0292034619BB78620042C09C</string>
				<string>0292032819BB36AF0042C09C</string>
				<string>0292032919BB36AF0042C09C</string>
				<string>02364BD719BD848200083F37</string>
				<string>02364BD819BD848200083F37</string>
				<string>02364BDD19BDD44F00083F37</string>
				<string>02364BE119BDDF4200083F37</string>
				<string>02364BE219BDDF4200083F37</string>
				<string>3B45D4B219BEA1EE00EFE2EA</string>
				<string>0292032B19BB374C0042C09C</string>
				<string>0292032C19BB374C0042C09C</string>
				<string>02110A0919BF3D9600DA33E2</string>
				<string>0292032E19BB378D0042C09C</string>
				<string>0292032F19BB378D0042C09C</string>
				<string>0231475819BC917D00C95DC0</string>
				<string>0292033119BB37E50042C09C</string>
				<string>0292033219BB37E50042C09C</string>
			</array>
			<key>isa</key>
			<string>PBXGroup</string>
			<key>path</key>
			<string>Classes</string>
			<key>sourceTree</key>
			<string>&lt;group&gt;</string>
		</dict>
		<key>0292032819BB36AF0042C09C</key>
		<dict>
			<key>fileEncoding</key>
			<string>4</string>
			<key>isa</key>
			<string>PBXFileReference</string>
			<key>lastKnownFileType</key>
			<string>sourcecode.c.h</string>
			<key>path</key>
			<string>WorkViewController.h</string>
			<key>sourceTree</key>
			<string>&lt;group&gt;</string>
		</dict>
		<key>0292032919BB36AF0042C09C</key>
		<dict>
			<key>fileEncoding</key>
			<string>4</string>
			<key>isa</key>
			<string>PBXFileReference</string>
			<key>lastKnownFileType</key>
			<string>sourcecode.c.objc</string>
			<key>path</key>
			<string>WorkViewController.m</string>
			<key>sourceTree</key>
			<string>&lt;group&gt;</string>
		</dict>
		<key>0292032A19BB36AF0042C09C</key>
		<dict>
			<key>fileRef</key>
			<string>0292032919BB36AF0042C09C</string>
			<key>isa</key>
			<string>PBXBuildFile</string>
		</dict>
		<key>0292032B19BB374C0042C09C</key>
		<dict>
			<key>fileEncoding</key>
			<string>4</string>
			<key>isa</key>
			<string>PBXFileReference</string>
			<key>lastKnownFileType</key>
			<string>sourcecode.c.h</string>
			<key>path</key>
			<string>NewsViewController.h</string>
			<key>sourceTree</key>
			<string>&lt;group&gt;</string>
		</dict>
		<key>0292032C19BB374C0042C09C</key>
		<dict>
			<key>fileEncoding</key>
			<string>4</string>
			<key>isa</key>
			<string>PBXFileReference</string>
			<key>lastKnownFileType</key>
			<string>sourcecode.c.objc</string>
			<key>path</key>
			<string>NewsViewController.m</string>
			<key>sourceTree</key>
			<string>&lt;group&gt;</string>
		</dict>
		<key>0292032D19BB374C0042C09C</key>
		<dict>
			<key>fileRef</key>
			<string>0292032C19BB374C0042C09C</string>
			<key>isa</key>
			<string>PBXBuildFile</string>
		</dict>
		<key>0292032E19BB378D0042C09C</key>
		<dict>
			<key>fileEncoding</key>
			<string>4</string>
			<key>isa</key>
			<string>PBXFileReference</string>
			<key>lastKnownFileType</key>
			<string>sourcecode.c.h</string>
			<key>path</key>
			<string>PersonalViewController.h</string>
			<key>sourceTree</key>
			<string>&lt;group&gt;</string>
		</dict>
		<key>0292032F19BB378D0042C09C</key>
		<dict>
			<key>fileEncoding</key>
			<string>4</string>
			<key>isa</key>
			<string>PBXFileReference</string>
			<key>lastKnownFileType</key>
			<string>sourcecode.c.objc</string>
			<key>path</key>
			<string>PersonalViewController.m</string>
			<key>sourceTree</key>
			<string>&lt;group&gt;</string>
		</dict>
		<key>0292033019BB378D0042C09C</key>
		<dict>
			<key>fileRef</key>
			<string>0292032F19BB378D0042C09C</string>
			<key>isa</key>
			<string>PBXBuildFile</string>
		</dict>
		<key>0292033119BB37E50042C09C</key>
		<dict>
			<key>fileEncoding</key>
			<string>4</string>
			<key>isa</key>
			<string>PBXFileReference</string>
			<key>lastKnownFileType</key>
			<string>sourcecode.c.h</string>
			<key>path</key>
			<string>SettingViewController.h</string>
			<key>sourceTree</key>
			<string>&lt;group&gt;</string>
		</dict>
		<key>0292033219BB37E50042C09C</key>
		<dict>
			<key>fileEncoding</key>
			<string>4</string>
			<key>isa</key>
			<string>PBXFileReference</string>
			<key>lastKnownFileType</key>
			<string>sourcecode.c.objc</string>
			<key>path</key>
			<string>SettingViewController.m</string>
			<key>sourceTree</key>
			<string>&lt;group&gt;</string>
		</dict>
		<key>0292033319BB37E50042C09C</key>
		<dict>
			<key>fileRef</key>
			<string>0292033219BB37E50042C09C</string>
			<key>isa</key>
			<string>PBXBuildFile</string>
		</dict>
		<key>0292033419BB45F80042C09C</key>
		<dict>
			<key>fileEncoding</key>
			<string>4</string>
			<key>isa</key>
			<string>PBXFileReference</string>
			<key>lastKnownFileType</key>
			<string>sourcecode.c.h</string>
			<key>path</key>
			<string>HomeTabBarController.h</string>
			<key>sourceTree</key>
			<string>&lt;group&gt;</string>
		</dict>
		<key>0292033519BB45F80042C09C</key>
		<dict>
			<key>fileEncoding</key>
			<string>4</string>
			<key>isa</key>
			<string>PBXFileReference</string>
			<key>lastKnownFileType</key>
			<string>sourcecode.c.objc</string>
			<key>path</key>
			<string>HomeTabBarController.m</string>
			<key>sourceTree</key>
			<string>&lt;group&gt;</string>
		</dict>
		<key>0292033619BB45F80042C09C</key>
		<dict>
			<key>fileRef</key>
			<string>0292033519BB45F80042C09C</string>
			<key>isa</key>
			<string>PBXBuildFile</string>
		</dict>
		<key>0292033719BB49600042C09C</key>
		<dict>
			<key>children</key>
			<array>
				<string>0292033819BB49900042C09C</string>
				<string>0292033919BB49900042C09C</string>
				<string>0292033B19BB49A30042C09C</string>
				<string>0292033F19BB52630042C09C</string>
				<string>0292034019BB52630042C09C</string>
				<string>0292033D19BB52540042C09C</string>
				<string>3B45D4B919BEDC7800EFE2EA</string>
				<string>3B45D4BA19BEDC7800EFE2EA</string>
				<string>3B45D4BC19BEDCBA00EFE2EA</string>
				<string>02110A0D19BF457E00DA33E2</string>
				<string>02110A0E19BF457E00DA33E2</string>
			</array>
			<key>isa</key>
			<string>PBXGroup</string>
			<key>path</key>
			<string>Views</string>
			<key>sourceTree</key>
			<string>&lt;group&gt;</string>
		</dict>
		<key>0292033819BB49900042C09C</key>
		<dict>
			<key>fileEncoding</key>
			<string>4</string>
			<key>isa</key>
			<string>PBXFileReference</string>
			<key>lastKnownFileType</key>
			<string>sourcecode.c.h</string>
			<key>path</key>
			<string>CustomTabBarView.h</string>
			<key>sourceTree</key>
			<string>&lt;group&gt;</string>
		</dict>
		<key>0292033919BB49900042C09C</key>
		<dict>
			<key>fileEncoding</key>
			<string>4</string>
			<key>isa</key>
			<string>PBXFileReference</string>
			<key>lastKnownFileType</key>
			<string>sourcecode.c.objc</string>
			<key>path</key>
			<string>CustomTabBarView.m</string>
			<key>sourceTree</key>
			<string>&lt;group&gt;</string>
		</dict>
		<key>0292033A19BB49900042C09C</key>
		<dict>
			<key>fileRef</key>
			<string>0292033919BB49900042C09C</string>
			<key>isa</key>
			<string>PBXBuildFile</string>
		</dict>
		<key>0292033B19BB49A30042C09C</key>
		<dict>
			<key>fileEncoding</key>
			<string>4</string>
			<key>isa</key>
			<string>PBXFileReference</string>
			<key>lastKnownFileType</key>
			<string>file.xib</string>
			<key>path</key>
			<string>CustomTabBarView.xib</string>
			<key>sourceTree</key>
			<string>&lt;group&gt;</string>
		</dict>
		<key>0292033C19BB49A30042C09C</key>
		<dict>
			<key>fileRef</key>
			<string>0292033B19BB49A30042C09C</string>
			<key>isa</key>
			<string>PBXBuildFile</string>
		</dict>
		<key>0292033D19BB52540042C09C</key>
		<dict>
			<key>fileEncoding</key>
			<string>4</string>
			<key>isa</key>
			<string>PBXFileReference</string>
			<key>lastKnownFileType</key>
			<string>file.xib</string>
			<key>path</key>
			<string>CustomTabBarItem.xib</string>
			<key>sourceTree</key>
			<string>&lt;group&gt;</string>
		</dict>
		<key>0292033E19BB52540042C09C</key>
		<dict>
			<key>fileRef</key>
			<string>0292033D19BB52540042C09C</string>
			<key>isa</key>
			<string>PBXBuildFile</string>
		</dict>
		<key>0292033F19BB52630042C09C</key>
		<dict>
			<key>fileEncoding</key>
			<string>4</string>
			<key>isa</key>
			<string>PBXFileReference</string>
			<key>lastKnownFileType</key>
			<string>sourcecode.c.h</string>
			<key>path</key>
			<string>CustomTabBarItem.h</string>
			<key>sourceTree</key>
			<string>&lt;group&gt;</string>
		</dict>
		<key>0292034019BB52630042C09C</key>
		<dict>
			<key>fileEncoding</key>
			<string>4</string>
			<key>isa</key>
			<string>PBXFileReference</string>
			<key>lastKnownFileType</key>
			<string>sourcecode.c.objc</string>
			<key>path</key>
			<string>CustomTabBarItem.m</string>
			<key>sourceTree</key>
			<string>&lt;group&gt;</string>
		</dict>
		<key>0292034119BB52630042C09C</key>
		<dict>
			<key>fileRef</key>
			<string>0292034019BB52630042C09C</string>
			<key>isa</key>
			<string>PBXBuildFile</string>
		</dict>
		<key>0292034219BB67C60042C09C</key>
		<dict>
			<key>fileEncoding</key>
			<string>4</string>
			<key>isa</key>
			<string>PBXFileReference</string>
			<key>lastKnownFileType</key>
			<string>sourcecode.c.h</string>
			<key>path</key>
			<string>LoginViewController.h</string>
			<key>sourceTree</key>
			<string>&lt;group&gt;</string>
		</dict>
		<key>0292034319BB67C60042C09C</key>
		<dict>
			<key>fileEncoding</key>
			<string>4</string>
			<key>isa</key>
			<string>PBXFileReference</string>
			<key>lastKnownFileType</key>
			<string>sourcecode.c.objc</string>
			<key>path</key>
			<string>LoginViewController.m</string>
			<key>sourceTree</key>
			<string>&lt;group&gt;</string>
		</dict>
		<key>0292034419BB67C60042C09C</key>
		<dict>
			<key>fileRef</key>
			<string>0292034319BB67C60042C09C</string>
			<key>isa</key>
			<string>PBXBuildFile</string>
		</dict>
		<key>0292034519BB78620042C09C</key>
		<dict>
			<key>fileEncoding</key>
			<string>4</string>
			<key>isa</key>
			<string>PBXFileReference</string>
			<key>lastKnownFileType</key>
			<string>sourcecode.c.h</string>
			<key>path</key>
			<string>ForgotPasswordViewController.h</string>
			<key>sourceTree</key>
			<string>&lt;group&gt;</string>
		</dict>
		<key>0292034619BB78620042C09C</key>
		<dict>
			<key>fileEncoding</key>
			<string>4</string>
			<key>isa</key>
			<string>PBXFileReference</string>
			<key>lastKnownFileType</key>
			<string>sourcecode.c.objc</string>
			<key>path</key>
			<string>ForgotPasswordViewController.m</string>
			<key>sourceTree</key>
			<string>&lt;group&gt;</string>
		</dict>
		<key>0292034719BB78620042C09C</key>
		<dict>
			<key>fileRef</key>
			<string>0292034619BB78620042C09C</string>
			<key>isa</key>
			<string>PBXBuildFile</string>
		</dict>
		<key>0292034819BB7BF50042C09C</key>
		<dict>
			<key>children</key>
			<array>
				<string>0292039B19BB7C520042C09C</string>
				<string>02364BDA19BD8C2500083F37</string>
				<string>02364BDB19BD8C2500083F37</string>
				<string>0292035E19BB7BF50042C09C</string>
				<string>0292035F19BB7BF50042C09C</string>
				<string>0292037519BB7BF50042C09C</string>
				<string>0292037619BB7BF50042C09C</string>
				<string>0292039C19BB7F990042C09C</string>
				<string>0292039D19BB7F990042C09C</string>
			</array>
			<key>isa</key>
			<string>PBXGroup</string>
			<key>path</key>
			<string>Additions</string>
			<key>sourceTree</key>
			<string>&lt;group&gt;</string>
		</dict>
		<key>0292035E19BB7BF50042C09C</key>
		<dict>
			<key>fileEncoding</key>
			<string>4</string>
			<key>isa</key>
			<string>PBXFileReference</string>
			<key>lastKnownFileType</key>
			<string>sourcecode.c.h</string>
			<key>path</key>
			<string>NSObject+PerformBlockAfterDelay.h</string>
			<key>sourceTree</key>
			<string>&lt;group&gt;</string>
		</dict>
		<key>0292035F19BB7BF50042C09C</key>
		<dict>
			<key>fileEncoding</key>
			<string>4</string>
			<key>isa</key>
			<string>PBXFileReference</string>
			<key>lastKnownFileType</key>
			<string>sourcecode.c.objc</string>
			<key>path</key>
			<string>NSObject+PerformBlockAfterDelay.m</string>
			<key>sourceTree</key>
			<string>&lt;group&gt;</string>
		</dict>
		<key>0292037519BB7BF50042C09C</key>
		<dict>
			<key>fileEncoding</key>
			<string>4</string>
			<key>isa</key>
			<string>PBXFileReference</string>
			<key>lastKnownFileType</key>
			<string>sourcecode.c.h</string>
			<key>path</key>
			<string>UIButton+Block.h</string>
			<key>sourceTree</key>
			<string>&lt;group&gt;</string>
		</dict>
		<key>0292037619BB7BF50042C09C</key>
		<dict>
			<key>fileEncoding</key>
			<string>4</string>
			<key>isa</key>
			<string>PBXFileReference</string>
			<key>lastKnownFileType</key>
			<string>sourcecode.c.objc</string>
			<key>path</key>
			<string>UIButton+Block.m</string>
			<key>sourceTree</key>
			<string>&lt;group&gt;</string>
		</dict>
		<key>0292038919BB7BF50042C09C</key>
		<dict>
			<key>fileRef</key>
			<string>0292035F19BB7BF50042C09C</string>
			<key>isa</key>
			<string>PBXBuildFile</string>
		</dict>
		<key>0292039619BB7BF50042C09C</key>
		<dict>
			<key>fileRef</key>
			<string>0292037619BB7BF50042C09C</string>
			<key>isa</key>
			<string>PBXBuildFile</string>
		</dict>
		<key>0292039B19BB7C520042C09C</key>
		<dict>
			<key>fileEncoding</key>
			<string>4</string>
			<key>isa</key>
			<string>PBXFileReference</string>
			<key>lastKnownFileType</key>
			<string>sourcecode.c.h</string>
			<key>path</key>
			<string>Additions.h</string>
			<key>sourceTree</key>
			<string>&lt;group&gt;</string>
		</dict>
		<key>0292039C19BB7F990042C09C</key>
		<dict>
			<key>fileEncoding</key>
			<string>4</string>
			<key>isa</key>
			<string>PBXFileReference</string>
			<key>lastKnownFileType</key>
			<string>sourcecode.c.h</string>
			<key>path</key>
			<string>UIViewController+WhiteTitle.h</string>
			<key>sourceTree</key>
			<string>&lt;group&gt;</string>
		</dict>
		<key>0292039D19BB7F990042C09C</key>
		<dict>
			<key>fileEncoding</key>
			<string>4</string>
			<key>isa</key>
			<string>PBXFileReference</string>
			<key>lastKnownFileType</key>
			<string>sourcecode.c.objc</string>
			<key>path</key>
			<string>UIViewController+WhiteTitle.m</string>
			<key>sourceTree</key>
			<string>&lt;group&gt;</string>
		</dict>
		<key>0292039E19BB7F990042C09C</key>
		<dict>
			<key>fileRef</key>
			<string>0292039D19BB7F990042C09C</string>
			<key>isa</key>
			<string>PBXBuildFile</string>
		</dict>
		<key>029F5C42A21F49CD939E2051</key>
		<dict>
			<key>explicitFileType</key>
			<string>archive.ar</string>
			<key>includeInIndex</key>
			<string>0</string>
			<key>isa</key>
			<string>PBXFileReference</string>
			<key>path</key>
			<string>libPods.a</string>
			<key>sourceTree</key>
			<string>BUILT_PRODUCTS_DIR</string>
		</dict>
		<key>2DE7F5F24FF34BA6A97EFBAA</key>
		<dict>
			<key>fileRef</key>
			<string>029F5C42A21F49CD939E2051</string>
			<key>isa</key>
			<string>PBXBuildFile</string>
		</dict>
		<key>3B45D4B219BEA1EE00EFE2EA</key>
		<dict>
			<key>children</key>
			<array>
				<string>3B45D4B319BEA21900EFE2EA</string>
				<string>3B45D4B419BEA21900EFE2EA</string>
				<string>3B45D4B619BEA23900EFE2EA</string>
				<string>3B45D4B719BEA23900EFE2EA</string>
			</array>
			<key>isa</key>
			<string>PBXGroup</string>
			<key>name</key>
			<string>WorkingDetailCells</string>
			<key>sourceTree</key>
			<string>&lt;group&gt;</string>
		</dict>
		<key>3B45D4B319BEA21900EFE2EA</key>
		<dict>
			<key>fileEncoding</key>
			<string>4</string>
			<key>isa</key>
			<string>PBXFileReference</string>
			<key>lastKnownFileType</key>
			<string>sourcecode.c.h</string>
			<key>path</key>
			<string>WorkingDetailCell.h</string>
			<key>sourceTree</key>
			<string>&lt;group&gt;</string>
		</dict>
		<key>3B45D4B419BEA21900EFE2EA</key>
		<dict>
			<key>fileEncoding</key>
			<string>4</string>
			<key>isa</key>
			<string>PBXFileReference</string>
			<key>lastKnownFileType</key>
			<string>sourcecode.c.objc</string>
			<key>path</key>
			<string>WorkingDetailCell.m</string>
			<key>sourceTree</key>
			<string>&lt;group&gt;</string>
		</dict>
		<key>3B45D4B519BEA21900EFE2EA</key>
		<dict>
			<key>fileRef</key>
			<string>3B45D4B419BEA21900EFE2EA</string>
			<key>isa</key>
			<string>PBXBuildFile</string>
		</dict>
		<key>3B45D4B619BEA23900EFE2EA</key>
		<dict>
			<key>fileEncoding</key>
			<string>4</string>
			<key>isa</key>
			<string>PBXFileReference</string>
			<key>lastKnownFileType</key>
			<string>sourcecode.c.h</string>
			<key>path</key>
			<string>WorkingDetailHistoryCell.h</string>
			<key>sourceTree</key>
			<string>&lt;group&gt;</string>
		</dict>
		<key>3B45D4B719BEA23900EFE2EA</key>
		<dict>
			<key>fileEncoding</key>
			<string>4</string>
			<key>isa</key>
			<string>PBXFileReference</string>
			<key>lastKnownFileType</key>
			<string>sourcecode.c.objc</string>
			<key>path</key>
			<string>WorkingDetailHistoryCell.m</string>
			<key>sourceTree</key>
			<string>&lt;group&gt;</string>
		</dict>
		<key>3B45D4B819BEA23900EFE2EA</key>
		<dict>
			<key>fileRef</key>
			<string>3B45D4B719BEA23900EFE2EA</string>
			<key>isa</key>
			<string>PBXBuildFile</string>
		</dict>
		<key>3B45D4B919BEDC7800EFE2EA</key>
		<dict>
			<key>fileEncoding</key>
			<string>4</string>
			<key>isa</key>
			<string>PBXFileReference</string>
			<key>lastKnownFileType</key>
			<string>sourcecode.c.h</string>
			<key>path</key>
			<string>ChooseProcessView.h</string>
			<key>sourceTree</key>
			<string>&lt;group&gt;</string>
		</dict>
		<key>3B45D4BA19BEDC7800EFE2EA</key>
		<dict>
			<key>fileEncoding</key>
			<string>4</string>
			<key>isa</key>
			<string>PBXFileReference</string>
			<key>lastKnownFileType</key>
			<string>sourcecode.c.objc</string>
			<key>path</key>
			<string>ChooseProcessView.m</string>
			<key>sourceTree</key>
			<string>&lt;group&gt;</string>
		</dict>
		<key>3B45D4BB19BEDC7800EFE2EA</key>
		<dict>
			<key>fileRef</key>
			<string>3B45D4BA19BEDC7800EFE2EA</string>
			<key>isa</key>
			<string>PBXBuildFile</string>
		</dict>
		<key>3B45D4BC19BEDCBA00EFE2EA</key>
		<dict>
			<key>fileEncoding</key>
			<string>4</string>
			<key>isa</key>
			<string>PBXFileReference</string>
			<key>lastKnownFileType</key>
			<string>file.xib</string>
			<key>path</key>
			<string>ChooseProcessView.xib</string>
			<key>sourceTree</key>
			<string>&lt;group&gt;</string>
		</dict>
		<key>3B45D4BD19BEDCBA00EFE2EA</key>
		<dict>
			<key>fileRef</key>
			<string>3B45D4BC19BEDCBA00EFE2EA</string>
			<key>isa</key>
			<string>PBXBuildFile</string>
		</dict>
		<key>46FF71588C444DADBD12537A</key>
		<dict>
			<key>buildActionMask</key>
			<string>2147483647</string>
			<key>files</key>
			<array/>
			<key>inputPaths</key>
			<array/>
			<key>isa</key>
			<string>PBXShellScriptBuildPhase</string>
			<key>name</key>
			<string>Copy Pods Resources</string>
			<key>outputPaths</key>
			<array/>
			<key>runOnlyForDeploymentPostprocessing</key>
			<string>0</string>
			<key>shellPath</key>
			<string>/bin/sh</string>
			<key>shellScript</key>
			<string>"${SRCROOT}/Pods/Pods-resources.sh"
</string>
			<key>showEnvVarsInLog</key>
			<string>0</string>
		</dict>
		<key>D2CAACA5EB4A4EA49B4C657F</key>
		<dict>
			<key>includeInIndex</key>
			<string>1</string>
			<key>isa</key>
			<string>PBXFileReference</string>
			<key>lastKnownFileType</key>
			<string>text.xcconfig</string>
			<key>name</key>
			<string>Pods.xcconfig</string>
			<key>path</key>
			<string>Pods/Pods.xcconfig</string>
			<key>sourceTree</key>
			<string>&lt;group&gt;</string>
		</dict>
		<key>FB33A1093F5B4C9DAF0FC446</key>
		<dict>
			<key>buildActionMask</key>
			<string>2147483647</string>
			<key>files</key>
			<array/>
			<key>inputPaths</key>
			<array/>
			<key>isa</key>
			<string>PBXShellScriptBuildPhase</string>
			<key>name</key>
			<string>Check Pods Manifest.lock</string>
			<key>outputPaths</key>
			<array/>
			<key>runOnlyForDeploymentPostprocessing</key>
			<string>0</string>
			<key>shellPath</key>
			<string>/bin/sh</string>
			<key>shellScript</key>
			<string>diff "${PODS_ROOT}/../Podfile.lock" "${PODS_ROOT}/Manifest.lock" &gt; /dev/null
if [[ $? != 0 ]] ; then
    cat &lt;&lt; EOM
error: The sandbox is not in sync with the Podfile.lock. Run 'pod install' or update your CocoaPods installation.
EOM
    exit 1
fi
</string>
			<key>showEnvVarsInLog</key>
			<string>0</string>
		</dict>
	</dict>
	<key>rootObject</key>
	<string>029202E419BB337C0042C09C</string>
</dict>
</plist>
