// !$*UTF8*$!
{
	archiveVersion = 1;
	classes = {
	};
	objectVersion = 46;
	objects = {

/* Begin PBXBuildFile section */
		02110A0C19BF3DB300DA33E2 /* NewsCell.m in Sources */ = {isa = PBXBuildFile; fileRef = 02110A0B19BF3DB300DA33E2 /* NewsCell.m */; };
		02110A0F19BF457E00DA33E2 /* CustomSegmentedControl.m in Sources */ = {isa = PBXBuildFile; fileRef = 02110A0E19BF457E00DA33E2 /* CustomSegmentedControl.m */; };
		0231475B19BC91B500C95DC0 /* PersonalImageCell.m in Sources */ = {isa = PBXBuildFile; fileRef = 0231475A19BC91B500C95DC0 /* PersonalImageCell.m */; };
		0231475E19BC91CB00C95DC0 /* PersonalCell.m in Sources */ = {isa = PBXBuildFile; fileRef = 0231475D19BC91CB00C95DC0 /* PersonalCell.m */; };
		0232A72119CD672D0083ECBC /* WorkingListCell.xib in Resources */ = {isa = PBXBuildFile; fileRef = 0232A72019CD672D0083ECBC /* WorkingListCell.xib */; };
		0232A72419CDB1BB0083ECBC /* WorkingListSearchViewController.m in Sources */ = {isa = PBXBuildFile; fileRef = 0232A72319CDB1BB0083ECBC /* WorkingListSearchViewController.m */; };
		02364BD919BD848200083F37 /* WorkingListViewController.m in Sources */ = {isa = PBXBuildFile; fileRef = 02364BD819BD848200083F37 /* WorkingListViewController.m */; };
		02364BDC19BD8C2500083F37 /* UIImage+UIColor.m in Sources */ = {isa = PBXBuildFile; fileRef = 02364BDB19BD8C2500083F37 /* UIImage+UIColor.m */; };
		02364BE019BDD71300083F37 /* WorkingListCell.m in Sources */ = {isa = PBXBuildFile; fileRef = 02364BDF19BDD71300083F37 /* WorkingListCell.m */; };
		02364BE319BDDF4200083F37 /* WorkingDetailViewController.m in Sources */ = {isa = PBXBuildFile; fileRef = 02364BE219BDDF4200083F37 /* WorkingDetailViewController.m */; };
		023FCC1B19C9C4220089127C /* UIAlertView+ShowNotice.m in Sources */ = {isa = PBXBuildFile; fileRef = 023FCC1A19C9C4220089127C /* UIAlertView+ShowNotice.m */; };
		023FCC1E19C9C5E30089127C /* AccountManager.m in Sources */ = {isa = PBXBuildFile; fileRef = 023FCC1D19C9C5E30089127C /* AccountManager.m */; };
		0278BA2319CBBF9300600134 /* MWorkDetail.m in Sources */ = {isa = PBXBuildFile; fileRef = 0278BA2219CBBF9300600134 /* MWorkDetail.m */; };
		0278BA2619CBC15500600134 /* MWorkDetailAction.m in Sources */ = {isa = PBXBuildFile; fileRef = 0278BA2519CBC15500600134 /* MWorkDetailAction.m */; };
		0278BA2919CBC16C00600134 /* MWorkDetailComment.m in Sources */ = {isa = PBXBuildFile; fileRef = 0278BA2819CBC16C00600134 /* MWorkDetailComment.m */; };
		0278BA2C19CBC18000600134 /* MWorkDetailItem.m in Sources */ = {isa = PBXBuildFile; fileRef = 0278BA2B19CBC18000600134 /* MWorkDetailItem.m */; };
		029202F019BB337C0042C09C /* Foundation.framework in Frameworks */ = {isa = PBXBuildFile; fileRef = 029202EF19BB337C0042C09C /* Foundation.framework */; };
		029202F219BB337C0042C09C /* CoreGraphics.framework in Frameworks */ = {isa = PBXBuildFile; fileRef = 029202F119BB337C0042C09C /* CoreGraphics.framework */; };
		029202F419BB337C0042C09C /* UIKit.framework in Frameworks */ = {isa = PBXBuildFile; fileRef = 029202F319BB337C0042C09C /* UIKit.framework */; };
		029202FA19BB337C0042C09C /* InfoPlist.strings in Resources */ = {isa = PBXBuildFile; fileRef = 029202F819BB337C0042C09C /* InfoPlist.strings */; };
		029202FC19BB337C0042C09C /* main.m in Sources */ = {isa = PBXBuildFile; fileRef = 029202FB19BB337C0042C09C /* main.m */; };
		0292030019BB337C0042C09C /* AppDelegate.m in Sources */ = {isa = PBXBuildFile; fileRef = 029202FF19BB337C0042C09C /* AppDelegate.m */; };
		0292030319BB337C0042C09C /* Main.storyboard in Resources */ = {isa = PBXBuildFile; fileRef = 0292030119BB337C0042C09C /* Main.storyboard */; };
		0292030B19BB337C0042C09C /* Images.xcassets in Resources */ = {isa = PBXBuildFile; fileRef = 0292030A19BB337C0042C09C /* Images.xcassets */; };
		0292031219BB337C0042C09C /* XCTest.framework in Frameworks */ = {isa = PBXBuildFile; fileRef = 0292031119BB337C0042C09C /* XCTest.framework */; };
		0292031319BB337C0042C09C /* Foundation.framework in Frameworks */ = {isa = PBXBuildFile; fileRef = 029202EF19BB337C0042C09C /* Foundation.framework */; };
		0292031419BB337C0042C09C /* UIKit.framework in Frameworks */ = {isa = PBXBuildFile; fileRef = 029202F319BB337C0042C09C /* UIKit.framework */; };
		0292031C19BB337C0042C09C /* InfoPlist.strings in Resources */ = {isa = PBXBuildFile; fileRef = 0292031A19BB337C0042C09C /* InfoPlist.strings */; };
		0292031E19BB337C0042C09C /* hylinkTests.m in Sources */ = {isa = PBXBuildFile; fileRef = 0292031D19BB337C0042C09C /* hylinkTests.m */; };
		0292032A19BB36AF0042C09C /* WorkViewController.m in Sources */ = {isa = PBXBuildFile; fileRef = 0292032919BB36AF0042C09C /* WorkViewController.m */; };
		0292032D19BB374C0042C09C /* NewsViewController.m in Sources */ = {isa = PBXBuildFile; fileRef = 0292032C19BB374C0042C09C /* NewsViewController.m */; };
		0292033019BB378D0042C09C /* PersonalViewController.m in Sources */ = {isa = PBXBuildFile; fileRef = 0292032F19BB378D0042C09C /* PersonalViewController.m */; };
		0292033319BB37E50042C09C /* SettingViewController.m in Sources */ = {isa = PBXBuildFile; fileRef = 0292033219BB37E50042C09C /* SettingViewController.m */; };
		0292033619BB45F80042C09C /* HomeTabBarController.m in Sources */ = {isa = PBXBuildFile; fileRef = 0292033519BB45F80042C09C /* HomeTabBarController.m */; };
		0292033A19BB49900042C09C /* CustomTabBarView.m in Sources */ = {isa = PBXBuildFile; fileRef = 0292033919BB49900042C09C /* CustomTabBarView.m */; };
		0292033C19BB49A30042C09C /* CustomTabBarView.xib in Resources */ = {isa = PBXBuildFile; fileRef = 0292033B19BB49A30042C09C /* CustomTabBarView.xib */; };
		0292033E19BB52540042C09C /* CustomTabBarItem.xib in Resources */ = {isa = PBXBuildFile; fileRef = 0292033D19BB52540042C09C /* CustomTabBarItem.xib */; };
		0292034119BB52630042C09C /* CustomTabBarItem.m in Sources */ = {isa = PBXBuildFile; fileRef = 0292034019BB52630042C09C /* CustomTabBarItem.m */; };
		0292034419BB67C60042C09C /* LoginViewController.m in Sources */ = {isa = PBXBuildFile; fileRef = 0292034319BB67C60042C09C /* LoginViewController.m */; };
		0292034719BB78620042C09C /* ForgotPasswordViewController.m in Sources */ = {isa = PBXBuildFile; fileRef = 0292034619BB78620042C09C /* ForgotPasswordViewController.m */; };
		0292038919BB7BF50042C09C /* NSObject+PerformBlockAfterDelay.m in Sources */ = {isa = PBXBuildFile; fileRef = 0292035F19BB7BF50042C09C /* NSObject+PerformBlockAfterDelay.m */; };
		0292039619BB7BF50042C09C /* UIButton+Block.m in Sources */ = {isa = PBXBuildFile; fileRef = 0292037619BB7BF50042C09C /* UIButton+Block.m */; };
		0292039E19BB7F990042C09C /* UIViewController+WhiteTitle.m in Sources */ = {isa = PBXBuildFile; fileRef = 0292039D19BB7F990042C09C /* UIViewController+WhiteTitle.m */; };
		02A9242119CE777C00756CE5 /* ChangePasswordViewController.m in Sources */ = {isa = PBXBuildFile; fileRef = 02A9242019CE777C00756CE5 /* ChangePasswordViewController.m */; };
		02BCB89719D07B1F00DEBDE0 /* AFHTTPRequestOperation.m in Sources */ = {isa = PBXBuildFile; fileRef = 02BCB84919D07B1F00DEBDE0 /* AFHTTPRequestOperation.m */; };
		02BCB89819D07B1F00DEBDE0 /* AFHTTPRequestOperationManager.m in Sources */ = {isa = PBXBuildFile; fileRef = 02BCB84B19D07B1F00DEBDE0 /* AFHTTPRequestOperationManager.m */; };
		02BCB89919D07B1F00DEBDE0 /* AFHTTPSessionManager.m in Sources */ = {isa = PBXBuildFile; fileRef = 02BCB84D19D07B1F00DEBDE0 /* AFHTTPSessionManager.m */; };
		02BCB89A19D07B1F00DEBDE0 /* AFNetworkReachabilityManager.m in Sources */ = {isa = PBXBuildFile; fileRef = 02BCB85019D07B1F00DEBDE0 /* AFNetworkReachabilityManager.m */; };
		02BCB89B19D07B1F00DEBDE0 /* AFSecurityPolicy.m in Sources */ = {isa = PBXBuildFile; fileRef = 02BCB85219D07B1F00DEBDE0 /* AFSecurityPolicy.m */; };
		02BCB89C19D07B1F00DEBDE0 /* AFURLConnectionOperation.m in Sources */ = {isa = PBXBuildFile; fileRef = 02BCB85419D07B1F00DEBDE0 /* AFURLConnectionOperation.m */; };
		02BCB89D19D07B1F00DEBDE0 /* AFURLRequestSerialization.m in Sources */ = {isa = PBXBuildFile; fileRef = 02BCB85619D07B1F00DEBDE0 /* AFURLRequestSerialization.m */; };
		02BCB89E19D07B1F00DEBDE0 /* AFURLResponseSerialization.m in Sources */ = {isa = PBXBuildFile; fileRef = 02BCB85819D07B1F00DEBDE0 /* AFURLResponseSerialization.m */; };
		02BCB89F19D07B1F00DEBDE0 /* AFURLSessionManager.m in Sources */ = {isa = PBXBuildFile; fileRef = 02BCB85A19D07B1F00DEBDE0 /* AFURLSessionManager.m */; };
		02BCB8A019D07B1F00DEBDE0 /* LICENSE in Resources */ = {isa = PBXBuildFile; fileRef = 02BCB85B19D07B1F00DEBDE0 /* LICENSE */; };
		02BCB8A119D07B1F00DEBDE0 /* README.md in Sources */ = {isa = PBXBuildFile; fileRef = 02BCB85C19D07B1F00DEBDE0 /* README.md */; };
		02BCB8A219D07B1F00DEBDE0 /* AFNetworkActivityIndicatorManager.m in Sources */ = {isa = PBXBuildFile; fileRef = 02BCB85F19D07B1F00DEBDE0 /* AFNetworkActivityIndicatorManager.m */; };
		02BCB8A319D07B1F00DEBDE0 /* UIActivityIndicatorView+AFNetworking.m in Sources */ = {isa = PBXBuildFile; fileRef = 02BCB86119D07B1F00DEBDE0 /* UIActivityIndicatorView+AFNetworking.m */; };
		02BCB8A419D07B1F00DEBDE0 /* UIAlertView+AFNetworking.m in Sources */ = {isa = PBXBuildFile; fileRef = 02BCB86319D07B1F00DEBDE0 /* UIAlertView+AFNetworking.m */; };
		02BCB8A519D07B1F00DEBDE0 /* UIButton+AFNetworking.m in Sources */ = {isa = PBXBuildFile; fileRef = 02BCB86519D07B1F00DEBDE0 /* UIButton+AFNetworking.m */; };
		02BCB8A619D07B1F00DEBDE0 /* UIImageView+AFNetworking.m in Sources */ = {isa = PBXBuildFile; fileRef = 02BCB86719D07B1F00DEBDE0 /* UIImageView+AFNetworking.m */; };
		02BCB8A719D07B1F00DEBDE0 /* UIProgressView+AFNetworking.m in Sources */ = {isa = PBXBuildFile; fileRef = 02BCB86A19D07B1F00DEBDE0 /* UIProgressView+AFNetworking.m */; };
		02BCB8A819D07B1F00DEBDE0 /* UIRefreshControl+AFNetworking.m in Sources */ = {isa = PBXBuildFile; fileRef = 02BCB86C19D07B1F00DEBDE0 /* UIRefreshControl+AFNetworking.m */; };
		02BCB8A919D07B1F00DEBDE0 /* UIWebView+AFNetworking.m in Sources */ = {isa = PBXBuildFile; fileRef = 02BCB86E19D07B1F00DEBDE0 /* UIWebView+AFNetworking.m */; };
		02BCB8AA19D07B1F00DEBDE0 /* LICENSE in Resources */ = {isa = PBXBuildFile; fileRef = 02BCB87019D07B1F00DEBDE0 /* LICENSE */; };
		02BCB8AB19D07B1F00DEBDE0 /* README.md in Sources */ = {isa = PBXBuildFile; fileRef = 02BCB87119D07B1F00DEBDE0 /* README.md */; };
		02BCB8AC19D07B1F00DEBDE0 /* NSData+ImageContentType.m in Sources */ = {isa = PBXBuildFile; fileRef = 02BCB87419D07B1F00DEBDE0 /* NSData+ImageContentType.m */; };
		02BCB8AD19D07B1F00DEBDE0 /* SDImageCache.m in Sources */ = {isa = PBXBuildFile; fileRef = 02BCB87619D07B1F00DEBDE0 /* SDImageCache.m */; };
		02BCB8AE19D07B1F00DEBDE0 /* SDWebImageCompat.m in Sources */ = {isa = PBXBuildFile; fileRef = 02BCB87819D07B1F00DEBDE0 /* SDWebImageCompat.m */; };
		02BCB8AF19D07B1F00DEBDE0 /* SDWebImageDecoder.m in Sources */ = {isa = PBXBuildFile; fileRef = 02BCB87A19D07B1F00DEBDE0 /* SDWebImageDecoder.m */; };
		02BCB8B019D07B1F00DEBDE0 /* SDWebImageDownloader.m in Sources */ = {isa = PBXBuildFile; fileRef = 02BCB87C19D07B1F00DEBDE0 /* SDWebImageDownloader.m */; };
		02BCB8B119D07B1F00DEBDE0 /* SDWebImageDownloaderOperation.m in Sources */ = {isa = PBXBuildFile; fileRef = 02BCB87E19D07B1F00DEBDE0 /* SDWebImageDownloaderOperation.m */; };
		02BCB8B219D07B1F00DEBDE0 /* SDWebImageManager.m in Sources */ = {isa = PBXBuildFile; fileRef = 02BCB88019D07B1F00DEBDE0 /* SDWebImageManager.m */; };
		02BCB8B319D07B1F00DEBDE0 /* SDWebImagePrefetcher.m in Sources */ = {isa = PBXBuildFile; fileRef = 02BCB88319D07B1F00DEBDE0 /* SDWebImagePrefetcher.m */; };
		02BCB8B419D07B1F00DEBDE0 /* UIButton+WebCache.m in Sources */ = {isa = PBXBuildFile; fileRef = 02BCB88519D07B1F00DEBDE0 /* UIButton+WebCache.m */; };
		02BCB8B519D07B1F00DEBDE0 /* UIImage+GIF.m in Sources */ = {isa = PBXBuildFile; fileRef = 02BCB88719D07B1F00DEBDE0 /* UIImage+GIF.m */; };
		02BCB8B619D07B1F00DEBDE0 /* UIImage+MultiFormat.m in Sources */ = {isa = PBXBuildFile; fileRef = 02BCB88919D07B1F00DEBDE0 /* UIImage+MultiFormat.m */; };
		02BCB8B719D07B1F00DEBDE0 /* UIImageView+HighlightedWebCache.m in Sources */ = {isa = PBXBuildFile; fileRef = 02BCB88B19D07B1F00DEBDE0 /* UIImageView+HighlightedWebCache.m */; };
		02BCB8B819D07B1F00DEBDE0 /* UIImageView+WebCache.m in Sources */ = {isa = PBXBuildFile; fileRef = 02BCB88D19D07B1F00DEBDE0 /* UIImageView+WebCache.m */; };
		02BCB8B919D07B1F00DEBDE0 /* UIView+WebCacheOperation.m in Sources */ = {isa = PBXBuildFile; fileRef = 02BCB88F19D07B1F00DEBDE0 /* UIView+WebCacheOperation.m */; };
		02BCB8BA19D07B1F00DEBDE0 /* LICENSE.txt in Resources */ = {isa = PBXBuildFile; fileRef = 02BCB89119D07B1F00DEBDE0 /* LICENSE.txt */; };
		02BCB8BB19D07B1F00DEBDE0 /* README.md in Sources */ = {isa = PBXBuildFile; fileRef = 02BCB89219D07B1F00DEBDE0 /* README.md */; };
		02BCB8BC19D07B1F00DEBDE0 /* SVProgressHUD.bundle in Resources */ = {isa = PBXBuildFile; fileRef = 02BCB89419D07B1F00DEBDE0 /* SVProgressHUD.bundle */; };
		02BCB8BD19D07B1F00DEBDE0 /* SVProgressHUD.m in Sources */ = {isa = PBXBuildFile; fileRef = 02BCB89619D07B1F00DEBDE0 /* SVProgressHUD.m */; };
		3B03F64C19D1516500B9185C /* WorkPopView.m in Sources */ = {isa = PBXBuildFile; fileRef = 3B03F64B19D1516500B9185C /* WorkPopView.m */; };
		3B03F64E19D1517400B9185C /* WorkPopView.xib in Resources */ = {isa = PBXBuildFile; fileRef = 3B03F64D19D1517400B9185C /* WorkPopView.xib */; };
		3B45D4B519BEA21900EFE2EA /* WorkingDetailCell.m in Sources */ = {isa = PBXBuildFile; fileRef = 3B45D4B419BEA21900EFE2EA /* WorkingDetailCell.m */; };
		3B45D4B819BEA23900EFE2EA /* WorkingDetailHistoryCell.m in Sources */ = {isa = PBXBuildFile; fileRef = 3B45D4B719BEA23900EFE2EA /* WorkingDetailHistoryCell.m */; };
		3B45D4BB19BEDC7800EFE2EA /* ChooseProcessView.m in Sources */ = {isa = PBXBuildFile; fileRef = 3B45D4BA19BEDC7800EFE2EA /* ChooseProcessView.m */; };
		3BB1A16219C6C9A500E0CFA8 /* MJRefresh.bundle in Resources */ = {isa = PBXBuildFile; fileRef = 3BB1A15219C6C9A500E0CFA8 /* MJRefresh.bundle */; };
		3BB1A16319C6C9A500E0CFA8 /* MJRefreshBaseView.m in Sources */ = {isa = PBXBuildFile; fileRef = 3BB1A15519C6C9A500E0CFA8 /* MJRefreshBaseView.m */; };
		3BB1A16419C6C9A500E0CFA8 /* MJRefreshConst.m in Sources */ = {isa = PBXBuildFile; fileRef = 3BB1A15719C6C9A500E0CFA8 /* MJRefreshConst.m */; };
		3BB1A16519C6C9A500E0CFA8 /* MJRefreshFooterView.m in Sources */ = {isa = PBXBuildFile; fileRef = 3BB1A15919C6C9A500E0CFA8 /* MJRefreshFooterView.m */; };
		3BB1A16619C6C9A500E0CFA8 /* MJRefreshHeaderView.m in Sources */ = {isa = PBXBuildFile; fileRef = 3BB1A15B19C6C9A500E0CFA8 /* MJRefreshHeaderView.m */; };
		3BB1A16719C6C9A500E0CFA8 /* UIScrollView+MJExtension.m in Sources */ = {isa = PBXBuildFile; fileRef = 3BB1A15D19C6C9A500E0CFA8 /* UIScrollView+MJExtension.m */; };
		3BB1A16819C6C9A500E0CFA8 /* UIScrollView+MJRefresh.m in Sources */ = {isa = PBXBuildFile; fileRef = 3BB1A15F19C6C9A500E0CFA8 /* UIScrollView+MJRefresh.m */; };
		3BB1A16919C6C9A500E0CFA8 /* UIView+MJExtension.m in Sources */ = {isa = PBXBuildFile; fileRef = 3BB1A16119C6C9A500E0CFA8 /* UIView+MJExtension.m */; };
		3BB1A16C19C6D8C700E0CFA8 /* WorkingListCollectionCell.m in Sources */ = {isa = PBXBuildFile; fileRef = 3BB1A16B19C6D8C700E0CFA8 /* WorkingListCollectionCell.m */; };
		3BB1A16F19C6D9A500E0CFA8 /* CustomLayout.m in Sources */ = {isa = PBXBuildFile; fileRef = 3BB1A16E19C6D9A500E0CFA8 /* CustomLayout.m */; };
		3BF7F26A19CAB773002D0CCC /* MWork.m in Sources */ = {isa = PBXBuildFile; fileRef = 3BF7F26919CAB773002D0CCC /* MWork.m */; };
		3BF7F26E19CABA34002D0CCC /* DateManager.m in Sources */ = {isa = PBXBuildFile; fileRef = 3BF7F26D19CABA34002D0CCC /* DateManager.m */; };
/* End PBXBuildFile section */

/* Begin PBXContainerItemProxy section */
		0292031519BB337C0042C09C /* PBXContainerItemProxy */ = {
			isa = PBXContainerItemProxy;
			containerPortal = 029202E419BB337C0042C09C /* Project object */;
			proxyType = 1;
			remoteGlobalIDString = 029202EB19BB337C0042C09C;
			remoteInfo = hylink;
		};
/* End PBXContainerItemProxy section */

/* Begin PBXFileReference section */
		02110A0A19BF3DB300DA33E2 /* NewsCell.h */ = {isa = PBXFileReference; fileEncoding = 4; lastKnownFileType = sourcecode.c.h; path = NewsCell.h; sourceTree = "<group>"; };
		02110A0B19BF3DB300DA33E2 /* NewsCell.m */ = {isa = PBXFileReference; fileEncoding = 4; lastKnownFileType = sourcecode.c.objc; path = NewsCell.m; sourceTree = "<group>"; };
		02110A0D19BF457E00DA33E2 /* CustomSegmentedControl.h */ = {isa = PBXFileReference; fileEncoding = 4; lastKnownFileType = sourcecode.c.h; path = CustomSegmentedControl.h; sourceTree = "<group>"; };
		02110A0E19BF457E00DA33E2 /* CustomSegmentedControl.m */ = {isa = PBXFileReference; fileEncoding = 4; lastKnownFileType = sourcecode.c.objc; path = CustomSegmentedControl.m; sourceTree = "<group>"; };
		0231475919BC91B500C95DC0 /* PersonalImageCell.h */ = {isa = PBXFileReference; fileEncoding = 4; lastKnownFileType = sourcecode.c.h; path = PersonalImageCell.h; sourceTree = "<group>"; };
		0231475A19BC91B500C95DC0 /* PersonalImageCell.m */ = {isa = PBXFileReference; fileEncoding = 4; lastKnownFileType = sourcecode.c.objc; path = PersonalImageCell.m; sourceTree = "<group>"; };
		0231475C19BC91CB00C95DC0 /* PersonalCell.h */ = {isa = PBXFileReference; fileEncoding = 4; lastKnownFileType = sourcecode.c.h; path = PersonalCell.h; sourceTree = "<group>"; };
		0231475D19BC91CB00C95DC0 /* PersonalCell.m */ = {isa = PBXFileReference; fileEncoding = 4; lastKnownFileType = sourcecode.c.objc; path = PersonalCell.m; sourceTree = "<group>"; };
		0232A72019CD672D0083ECBC /* WorkingListCell.xib */ = {isa = PBXFileReference; fileEncoding = 4; lastKnownFileType = file.xib; path = WorkingListCell.xib; sourceTree = "<group>"; };
		0232A72219CDB1BB0083ECBC /* WorkingListSearchViewController.h */ = {isa = PBXFileReference; fileEncoding = 4; lastKnownFileType = sourcecode.c.h; path = WorkingListSearchViewController.h; sourceTree = "<group>"; };
		0232A72319CDB1BB0083ECBC /* WorkingListSearchViewController.m */ = {isa = PBXFileReference; fileEncoding = 4; lastKnownFileType = sourcecode.c.objc; path = WorkingListSearchViewController.m; sourceTree = "<group>"; };
		02364BD719BD848200083F37 /* WorkingListViewController.h */ = {isa = PBXFileReference; fileEncoding = 4; lastKnownFileType = sourcecode.c.h; path = WorkingListViewController.h; sourceTree = "<group>"; };
		02364BD819BD848200083F37 /* WorkingListViewController.m */ = {isa = PBXFileReference; fileEncoding = 4; lastKnownFileType = sourcecode.c.objc; path = WorkingListViewController.m; sourceTree = "<group>"; };
		02364BDA19BD8C2500083F37 /* UIImage+UIColor.h */ = {isa = PBXFileReference; fileEncoding = 4; lastKnownFileType = sourcecode.c.h; path = "UIImage+UIColor.h"; sourceTree = "<group>"; };
		02364BDB19BD8C2500083F37 /* UIImage+UIColor.m */ = {isa = PBXFileReference; fileEncoding = 4; lastKnownFileType = sourcecode.c.objc; path = "UIImage+UIColor.m"; sourceTree = "<group>"; };
		02364BDE19BDD71300083F37 /* WorkingListCell.h */ = {isa = PBXFileReference; fileEncoding = 4; lastKnownFileType = sourcecode.c.h; path = WorkingListCell.h; sourceTree = "<group>"; };
		02364BDF19BDD71300083F37 /* WorkingListCell.m */ = {isa = PBXFileReference; fileEncoding = 4; lastKnownFileType = sourcecode.c.objc; path = WorkingListCell.m; sourceTree = "<group>"; };
		02364BE119BDDF4200083F37 /* WorkingDetailViewController.h */ = {isa = PBXFileReference; fileEncoding = 4; lastKnownFileType = sourcecode.c.h; path = WorkingDetailViewController.h; sourceTree = "<group>"; };
		02364BE219BDDF4200083F37 /* WorkingDetailViewController.m */ = {isa = PBXFileReference; fileEncoding = 4; lastKnownFileType = sourcecode.c.objc; path = WorkingDetailViewController.m; sourceTree = "<group>"; };
		023FCC1919C9C4220089127C /* UIAlertView+ShowNotice.h */ = {isa = PBXFileReference; fileEncoding = 4; lastKnownFileType = sourcecode.c.h; path = "UIAlertView+ShowNotice.h"; sourceTree = "<group>"; };
		023FCC1A19C9C4220089127C /* UIAlertView+ShowNotice.m */ = {isa = PBXFileReference; fileEncoding = 4; lastKnownFileType = sourcecode.c.objc; path = "UIAlertView+ShowNotice.m"; sourceTree = "<group>"; };
		023FCC1C19C9C5E30089127C /* AccountManager.h */ = {isa = PBXFileReference; fileEncoding = 4; lastKnownFileType = sourcecode.c.h; path = AccountManager.h; sourceTree = "<group>"; };
		023FCC1D19C9C5E30089127C /* AccountManager.m */ = {isa = PBXFileReference; fileEncoding = 4; lastKnownFileType = sourcecode.c.objc; path = AccountManager.m; sourceTree = "<group>"; };
		02680FD919C878F1007EE2C5 /* hylinkURLs.h */ = {isa = PBXFileReference; lastKnownFileType = sourcecode.c.h; path = hylinkURLs.h; sourceTree = "<group>"; };
		0278BA2119CBBF9300600134 /* MWorkDetail.h */ = {isa = PBXFileReference; fileEncoding = 4; lastKnownFileType = sourcecode.c.h; path = MWorkDetail.h; sourceTree = "<group>"; };
		0278BA2219CBBF9300600134 /* MWorkDetail.m */ = {isa = PBXFileReference; fileEncoding = 4; lastKnownFileType = sourcecode.c.objc; path = MWorkDetail.m; sourceTree = "<group>"; };
		0278BA2419CBC15500600134 /* MWorkDetailAction.h */ = {isa = PBXFileReference; fileEncoding = 4; lastKnownFileType = sourcecode.c.h; path = MWorkDetailAction.h; sourceTree = "<group>"; };
		0278BA2519CBC15500600134 /* MWorkDetailAction.m */ = {isa = PBXFileReference; fileEncoding = 4; lastKnownFileType = sourcecode.c.objc; path = MWorkDetailAction.m; sourceTree = "<group>"; };
		0278BA2719CBC16C00600134 /* MWorkDetailComment.h */ = {isa = PBXFileReference; fileEncoding = 4; lastKnownFileType = sourcecode.c.h; path = MWorkDetailComment.h; sourceTree = "<group>"; };
		0278BA2819CBC16C00600134 /* MWorkDetailComment.m */ = {isa = PBXFileReference; fileEncoding = 4; lastKnownFileType = sourcecode.c.objc; path = MWorkDetailComment.m; sourceTree = "<group>"; };
		0278BA2A19CBC18000600134 /* MWorkDetailItem.h */ = {isa = PBXFileReference; fileEncoding = 4; lastKnownFileType = sourcecode.c.h; path = MWorkDetailItem.h; sourceTree = "<group>"; };
		0278BA2B19CBC18000600134 /* MWorkDetailItem.m */ = {isa = PBXFileReference; fileEncoding = 4; lastKnownFileType = sourcecode.c.objc; path = MWorkDetailItem.m; sourceTree = "<group>"; };
		029202EC19BB337C0042C09C /* hylink.app */ = {isa = PBXFileReference; explicitFileType = wrapper.application; includeInIndex = 0; path = hylink.app; sourceTree = BUILT_PRODUCTS_DIR; };
		029202EF19BB337C0042C09C /* Foundation.framework */ = {isa = PBXFileReference; lastKnownFileType = wrapper.framework; name = Foundation.framework; path = System/Library/Frameworks/Foundation.framework; sourceTree = SDKROOT; };
		029202F119BB337C0042C09C /* CoreGraphics.framework */ = {isa = PBXFileReference; lastKnownFileType = wrapper.framework; name = CoreGraphics.framework; path = System/Library/Frameworks/CoreGraphics.framework; sourceTree = SDKROOT; };
		029202F319BB337C0042C09C /* UIKit.framework */ = {isa = PBXFileReference; lastKnownFileType = wrapper.framework; name = UIKit.framework; path = System/Library/Frameworks/UIKit.framework; sourceTree = SDKROOT; };
		029202F719BB337C0042C09C /* hylink-Info.plist */ = {isa = PBXFileReference; lastKnownFileType = text.plist.xml; path = "hylink-Info.plist"; sourceTree = "<group>"; };
		029202F919BB337C0042C09C /* en */ = {isa = PBXFileReference; lastKnownFileType = text.plist.strings; name = en; path = en.lproj/InfoPlist.strings; sourceTree = "<group>"; };
		029202FB19BB337C0042C09C /* main.m */ = {isa = PBXFileReference; lastKnownFileType = sourcecode.c.objc; path = main.m; sourceTree = "<group>"; };
		029202FD19BB337C0042C09C /* hylink-Prefix.pch */ = {isa = PBXFileReference; lastKnownFileType = sourcecode.c.h; path = "hylink-Prefix.pch"; sourceTree = "<group>"; };
		029202FE19BB337C0042C09C /* AppDelegate.h */ = {isa = PBXFileReference; lastKnownFileType = sourcecode.c.h; path = AppDelegate.h; sourceTree = "<group>"; };
		029202FF19BB337C0042C09C /* AppDelegate.m */ = {isa = PBXFileReference; lastKnownFileType = sourcecode.c.objc; path = AppDelegate.m; sourceTree = "<group>"; };
		0292030219BB337C0042C09C /* Base */ = {isa = PBXFileReference; lastKnownFileType = file.storyboard; name = Base; path = Base.lproj/Main.storyboard; sourceTree = "<group>"; };
		0292030A19BB337C0042C09C /* Images.xcassets */ = {isa = PBXFileReference; lastKnownFileType = folder.assetcatalog; path = Images.xcassets; sourceTree = "<group>"; };
		0292031019BB337C0042C09C /* hylinkTests.xctest */ = {isa = PBXFileReference; explicitFileType = wrapper.cfbundle; includeInIndex = 0; path = hylinkTests.xctest; sourceTree = BUILT_PRODUCTS_DIR; };
		0292031119BB337C0042C09C /* XCTest.framework */ = {isa = PBXFileReference; lastKnownFileType = wrapper.framework; name = XCTest.framework; path = Library/Frameworks/XCTest.framework; sourceTree = DEVELOPER_DIR; };
		0292031919BB337C0042C09C /* hylinkTests-Info.plist */ = {isa = PBXFileReference; lastKnownFileType = text.plist.xml; path = "hylinkTests-Info.plist"; sourceTree = "<group>"; };
		0292031B19BB337C0042C09C /* en */ = {isa = PBXFileReference; lastKnownFileType = text.plist.strings; name = en; path = en.lproj/InfoPlist.strings; sourceTree = "<group>"; };
		0292031D19BB337C0042C09C /* hylinkTests.m */ = {isa = PBXFileReference; lastKnownFileType = sourcecode.c.objc; path = hylinkTests.m; sourceTree = "<group>"; };
		0292032819BB36AF0042C09C /* WorkViewController.h */ = {isa = PBXFileReference; fileEncoding = 4; lastKnownFileType = sourcecode.c.h; path = WorkViewController.h; sourceTree = "<group>"; };
		0292032919BB36AF0042C09C /* WorkViewController.m */ = {isa = PBXFileReference; fileEncoding = 4; lastKnownFileType = sourcecode.c.objc; path = WorkViewController.m; sourceTree = "<group>"; };
		0292032B19BB374C0042C09C /* NewsViewController.h */ = {isa = PBXFileReference; fileEncoding = 4; lastKnownFileType = sourcecode.c.h; path = NewsViewController.h; sourceTree = "<group>"; };
		0292032C19BB374C0042C09C /* NewsViewController.m */ = {isa = PBXFileReference; fileEncoding = 4; lastKnownFileType = sourcecode.c.objc; path = NewsViewController.m; sourceTree = "<group>"; };
		0292032E19BB378D0042C09C /* PersonalViewController.h */ = {isa = PBXFileReference; fileEncoding = 4; lastKnownFileType = sourcecode.c.h; path = PersonalViewController.h; sourceTree = "<group>"; };
		0292032F19BB378D0042C09C /* PersonalViewController.m */ = {isa = PBXFileReference; fileEncoding = 4; lastKnownFileType = sourcecode.c.objc; path = PersonalViewController.m; sourceTree = "<group>"; };
		0292033119BB37E50042C09C /* SettingViewController.h */ = {isa = PBXFileReference; fileEncoding = 4; lastKnownFileType = sourcecode.c.h; path = SettingViewController.h; sourceTree = "<group>"; };
		0292033219BB37E50042C09C /* SettingViewController.m */ = {isa = PBXFileReference; fileEncoding = 4; lastKnownFileType = sourcecode.c.objc; path = SettingViewController.m; sourceTree = "<group>"; };
		0292033419BB45F80042C09C /* HomeTabBarController.h */ = {isa = PBXFileReference; fileEncoding = 4; lastKnownFileType = sourcecode.c.h; path = HomeTabBarController.h; sourceTree = "<group>"; };
		0292033519BB45F80042C09C /* HomeTabBarController.m */ = {isa = PBXFileReference; fileEncoding = 4; lastKnownFileType = sourcecode.c.objc; path = HomeTabBarController.m; sourceTree = "<group>"; };
		0292033819BB49900042C09C /* CustomTabBarView.h */ = {isa = PBXFileReference; fileEncoding = 4; lastKnownFileType = sourcecode.c.h; path = CustomTabBarView.h; sourceTree = "<group>"; };
		0292033919BB49900042C09C /* CustomTabBarView.m */ = {isa = PBXFileReference; fileEncoding = 4; lastKnownFileType = sourcecode.c.objc; path = CustomTabBarView.m; sourceTree = "<group>"; };
		0292033B19BB49A30042C09C /* CustomTabBarView.xib */ = {isa = PBXFileReference; fileEncoding = 4; lastKnownFileType = file.xib; path = CustomTabBarView.xib; sourceTree = "<group>"; };
		0292033D19BB52540042C09C /* CustomTabBarItem.xib */ = {isa = PBXFileReference; fileEncoding = 4; lastKnownFileType = file.xib; path = CustomTabBarItem.xib; sourceTree = "<group>"; };
		0292033F19BB52630042C09C /* CustomTabBarItem.h */ = {isa = PBXFileReference; fileEncoding = 4; lastKnownFileType = sourcecode.c.h; path = CustomTabBarItem.h; sourceTree = "<group>"; };
		0292034019BB52630042C09C /* CustomTabBarItem.m */ = {isa = PBXFileReference; fileEncoding = 4; lastKnownFileType = sourcecode.c.objc; path = CustomTabBarItem.m; sourceTree = "<group>"; };
		0292034219BB67C60042C09C /* LoginViewController.h */ = {isa = PBXFileReference; fileEncoding = 4; lastKnownFileType = sourcecode.c.h; path = LoginViewController.h; sourceTree = "<group>"; };
		0292034319BB67C60042C09C /* LoginViewController.m */ = {isa = PBXFileReference; fileEncoding = 4; lastKnownFileType = sourcecode.c.objc; path = LoginViewController.m; sourceTree = "<group>"; };
		0292034519BB78620042C09C /* ForgotPasswordViewController.h */ = {isa = PBXFileReference; fileEncoding = 4; lastKnownFileType = sourcecode.c.h; path = ForgotPasswordViewController.h; sourceTree = "<group>"; };
		0292034619BB78620042C09C /* ForgotPasswordViewController.m */ = {isa = PBXFileReference; fileEncoding = 4; lastKnownFileType = sourcecode.c.objc; path = ForgotPasswordViewController.m; sourceTree = "<group>"; };
		0292035E19BB7BF50042C09C /* NSObject+PerformBlockAfterDelay.h */ = {isa = PBXFileReference; fileEncoding = 4; lastKnownFileType = sourcecode.c.h; path = "NSObject+PerformBlockAfterDelay.h"; sourceTree = "<group>"; };
		0292035F19BB7BF50042C09C /* NSObject+PerformBlockAfterDelay.m */ = {isa = PBXFileReference; fileEncoding = 4; lastKnownFileType = sourcecode.c.objc; path = "NSObject+PerformBlockAfterDelay.m"; sourceTree = "<group>"; };
		0292037519BB7BF50042C09C /* UIButton+Block.h */ = {isa = PBXFileReference; fileEncoding = 4; lastKnownFileType = sourcecode.c.h; path = "UIButton+Block.h"; sourceTree = "<group>"; };
		0292037619BB7BF50042C09C /* UIButton+Block.m */ = {isa = PBXFileReference; fileEncoding = 4; lastKnownFileType = sourcecode.c.objc; path = "UIButton+Block.m"; sourceTree = "<group>"; };
		0292039B19BB7C520042C09C /* Additions.h */ = {isa = PBXFileReference; fileEncoding = 4; lastKnownFileType = sourcecode.c.h; path = Additions.h; sourceTree = "<group>"; };
		0292039C19BB7F990042C09C /* UIViewController+WhiteTitle.h */ = {isa = PBXFileReference; fileEncoding = 4; lastKnownFileType = sourcecode.c.h; path = "UIViewController+WhiteTitle.h"; sourceTree = "<group>"; };
		0292039D19BB7F990042C09C /* UIViewController+WhiteTitle.m */ = {isa = PBXFileReference; fileEncoding = 4; lastKnownFileType = sourcecode.c.objc; path = "UIViewController+WhiteTitle.m"; sourceTree = "<group>"; };
		02A9241F19CE777C00756CE5 /* ChangePasswordViewController.h */ = {isa = PBXFileReference; fileEncoding = 4; lastKnownFileType = sourcecode.c.h; path = ChangePasswordViewController.h; sourceTree = "<group>"; };
		02A9242019CE777C00756CE5 /* ChangePasswordViewController.m */ = {isa = PBXFileReference; fileEncoding = 4; lastKnownFileType = sourcecode.c.objc; path = ChangePasswordViewController.m; sourceTree = "<group>"; };
		02BCB84819D07B1F00DEBDE0 /* AFHTTPRequestOperation.h */ = {isa = PBXFileReference; fileEncoding = 4; lastKnownFileType = sourcecode.c.h; path = AFHTTPRequestOperation.h; sourceTree = "<group>"; };
		02BCB84919D07B1F00DEBDE0 /* AFHTTPRequestOperation.m */ = {isa = PBXFileReference; fileEncoding = 4; lastKnownFileType = sourcecode.c.objc; path = AFHTTPRequestOperation.m; sourceTree = "<group>"; };
		02BCB84A19D07B1F00DEBDE0 /* AFHTTPRequestOperationManager.h */ = {isa = PBXFileReference; fileEncoding = 4; lastKnownFileType = sourcecode.c.h; path = AFHTTPRequestOperationManager.h; sourceTree = "<group>"; };
		02BCB84B19D07B1F00DEBDE0 /* AFHTTPRequestOperationManager.m */ = {isa = PBXFileReference; fileEncoding = 4; lastKnownFileType = sourcecode.c.objc; path = AFHTTPRequestOperationManager.m; sourceTree = "<group>"; };
		02BCB84C19D07B1F00DEBDE0 /* AFHTTPSessionManager.h */ = {isa = PBXFileReference; fileEncoding = 4; lastKnownFileType = sourcecode.c.h; path = AFHTTPSessionManager.h; sourceTree = "<group>"; };
		02BCB84D19D07B1F00DEBDE0 /* AFHTTPSessionManager.m */ = {isa = PBXFileReference; fileEncoding = 4; lastKnownFileType = sourcecode.c.objc; path = AFHTTPSessionManager.m; sourceTree = "<group>"; };
		02BCB84E19D07B1F00DEBDE0 /* AFNetworking.h */ = {isa = PBXFileReference; fileEncoding = 4; lastKnownFileType = sourcecode.c.h; path = AFNetworking.h; sourceTree = "<group>"; };
		02BCB84F19D07B1F00DEBDE0 /* AFNetworkReachabilityManager.h */ = {isa = PBXFileReference; fileEncoding = 4; lastKnownFileType = sourcecode.c.h; path = AFNetworkReachabilityManager.h; sourceTree = "<group>"; };
		02BCB85019D07B1F00DEBDE0 /* AFNetworkReachabilityManager.m */ = {isa = PBXFileReference; fileEncoding = 4; lastKnownFileType = sourcecode.c.objc; path = AFNetworkReachabilityManager.m; sourceTree = "<group>"; };
		02BCB85119D07B1F00DEBDE0 /* AFSecurityPolicy.h */ = {isa = PBXFileReference; fileEncoding = 4; lastKnownFileType = sourcecode.c.h; path = AFSecurityPolicy.h; sourceTree = "<group>"; };
		02BCB85219D07B1F00DEBDE0 /* AFSecurityPolicy.m */ = {isa = PBXFileReference; fileEncoding = 4; lastKnownFileType = sourcecode.c.objc; path = AFSecurityPolicy.m; sourceTree = "<group>"; };
		02BCB85319D07B1F00DEBDE0 /* AFURLConnectionOperation.h */ = {isa = PBXFileReference; fileEncoding = 4; lastKnownFileType = sourcecode.c.h; path = AFURLConnectionOperation.h; sourceTree = "<group>"; };
		02BCB85419D07B1F00DEBDE0 /* AFURLConnectionOperation.m */ = {isa = PBXFileReference; fileEncoding = 4; lastKnownFileType = sourcecode.c.objc; path = AFURLConnectionOperation.m; sourceTree = "<group>"; };
		02BCB85519D07B1F00DEBDE0 /* AFURLRequestSerialization.h */ = {isa = PBXFileReference; fileEncoding = 4; lastKnownFileType = sourcecode.c.h; path = AFURLRequestSerialization.h; sourceTree = "<group>"; };
		02BCB85619D07B1F00DEBDE0 /* AFURLRequestSerialization.m */ = {isa = PBXFileReference; fileEncoding = 4; lastKnownFileType = sourcecode.c.objc; path = AFURLRequestSerialization.m; sourceTree = "<group>"; };
		02BCB85719D07B1F00DEBDE0 /* AFURLResponseSerialization.h */ = {isa = PBXFileReference; fileEncoding = 4; lastKnownFileType = sourcecode.c.h; path = AFURLResponseSerialization.h; sourceTree = "<group>"; };
		02BCB85819D07B1F00DEBDE0 /* AFURLResponseSerialization.m */ = {isa = PBXFileReference; fileEncoding = 4; lastKnownFileType = sourcecode.c.objc; path = AFURLResponseSerialization.m; sourceTree = "<group>"; };
		02BCB85919D07B1F00DEBDE0 /* AFURLSessionManager.h */ = {isa = PBXFileReference; fileEncoding = 4; lastKnownFileType = sourcecode.c.h; path = AFURLSessionManager.h; sourceTree = "<group>"; };
		02BCB85A19D07B1F00DEBDE0 /* AFURLSessionManager.m */ = {isa = PBXFileReference; fileEncoding = 4; lastKnownFileType = sourcecode.c.objc; path = AFURLSessionManager.m; sourceTree = "<group>"; };
		02BCB85B19D07B1F00DEBDE0 /* LICENSE */ = {isa = PBXFileReference; fileEncoding = 4; lastKnownFileType = text; path = LICENSE; sourceTree = "<group>"; };
		02BCB85C19D07B1F00DEBDE0 /* README.md */ = {isa = PBXFileReference; fileEncoding = 4; lastKnownFileType = net.daringfireball.markdown; path = README.md; sourceTree = "<group>"; };
		02BCB85E19D07B1F00DEBDE0 /* AFNetworkActivityIndicatorManager.h */ = {isa = PBXFileReference; fileEncoding = 4; lastKnownFileType = sourcecode.c.h; path = AFNetworkActivityIndicatorManager.h; sourceTree = "<group>"; };
		02BCB85F19D07B1F00DEBDE0 /* AFNetworkActivityIndicatorManager.m */ = {isa = PBXFileReference; fileEncoding = 4; lastKnownFileType = sourcecode.c.objc; path = AFNetworkActivityIndicatorManager.m; sourceTree = "<group>"; };
		02BCB86019D07B1F00DEBDE0 /* UIActivityIndicatorView+AFNetworking.h */ = {isa = PBXFileReference; fileEncoding = 4; lastKnownFileType = sourcecode.c.h; path = "UIActivityIndicatorView+AFNetworking.h"; sourceTree = "<group>"; };
		02BCB86119D07B1F00DEBDE0 /* UIActivityIndicatorView+AFNetworking.m */ = {isa = PBXFileReference; fileEncoding = 4; lastKnownFileType = sourcecode.c.objc; path = "UIActivityIndicatorView+AFNetworking.m"; sourceTree = "<group>"; };
		02BCB86219D07B1F00DEBDE0 /* UIAlertView+AFNetworking.h */ = {isa = PBXFileReference; fileEncoding = 4; lastKnownFileType = sourcecode.c.h; path = "UIAlertView+AFNetworking.h"; sourceTree = "<group>"; };
		02BCB86319D07B1F00DEBDE0 /* UIAlertView+AFNetworking.m */ = {isa = PBXFileReference; fileEncoding = 4; lastKnownFileType = sourcecode.c.objc; path = "UIAlertView+AFNetworking.m"; sourceTree = "<group>"; };
		02BCB86419D07B1F00DEBDE0 /* UIButton+AFNetworking.h */ = {isa = PBXFileReference; fileEncoding = 4; lastKnownFileType = sourcecode.c.h; path = "UIButton+AFNetworking.h"; sourceTree = "<group>"; };
		02BCB86519D07B1F00DEBDE0 /* UIButton+AFNetworking.m */ = {isa = PBXFileReference; fileEncoding = 4; lastKnownFileType = sourcecode.c.objc; path = "UIButton+AFNetworking.m"; sourceTree = "<group>"; };
		02BCB86619D07B1F00DEBDE0 /* UIImageView+AFNetworking.h */ = {isa = PBXFileReference; fileEncoding = 4; lastKnownFileType = sourcecode.c.h; path = "UIImageView+AFNetworking.h"; sourceTree = "<group>"; };
		02BCB86719D07B1F00DEBDE0 /* UIImageView+AFNetworking.m */ = {isa = PBXFileReference; fileEncoding = 4; lastKnownFileType = sourcecode.c.objc; path = "UIImageView+AFNetworking.m"; sourceTree = "<group>"; };
		02BCB86819D07B1F00DEBDE0 /* UIKit+AFNetworking.h */ = {isa = PBXFileReference; fileEncoding = 4; lastKnownFileType = sourcecode.c.h; path = "UIKit+AFNetworking.h"; sourceTree = "<group>"; };
		02BCB86919D07B1F00DEBDE0 /* UIProgressView+AFNetworking.h */ = {isa = PBXFileReference; fileEncoding = 4; lastKnownFileType = sourcecode.c.h; path = "UIProgressView+AFNetworking.h"; sourceTree = "<group>"; };
		02BCB86A19D07B1F00DEBDE0 /* UIProgressView+AFNetworking.m */ = {isa = PBXFileReference; fileEncoding = 4; lastKnownFileType = sourcecode.c.objc; path = "UIProgressView+AFNetworking.m"; sourceTree = "<group>"; };
		02BCB86B19D07B1F00DEBDE0 /* UIRefreshControl+AFNetworking.h */ = {isa = PBXFileReference; fileEncoding = 4; lastKnownFileType = sourcecode.c.h; path = "UIRefreshControl+AFNetworking.h"; sourceTree = "<group>"; };
		02BCB86C19D07B1F00DEBDE0 /* UIRefreshControl+AFNetworking.m */ = {isa = PBXFileReference; fileEncoding = 4; lastKnownFileType = sourcecode.c.objc; path = "UIRefreshControl+AFNetworking.m"; sourceTree = "<group>"; };
		02BCB86D19D07B1F00DEBDE0 /* UIWebView+AFNetworking.h */ = {isa = PBXFileReference; fileEncoding = 4; lastKnownFileType = sourcecode.c.h; path = "UIWebView+AFNetworking.h"; sourceTree = "<group>"; };
		02BCB86E19D07B1F00DEBDE0 /* UIWebView+AFNetworking.m */ = {isa = PBXFileReference; fileEncoding = 4; lastKnownFileType = sourcecode.c.objc; path = "UIWebView+AFNetworking.m"; sourceTree = "<group>"; };
		02BCB87019D07B1F00DEBDE0 /* LICENSE */ = {isa = PBXFileReference; fileEncoding = 4; lastKnownFileType = text; path = LICENSE; sourceTree = "<group>"; };
		02BCB87119D07B1F00DEBDE0 /* README.md */ = {isa = PBXFileReference; fileEncoding = 4; lastKnownFileType = net.daringfireball.markdown; path = README.md; sourceTree = "<group>"; };
		02BCB87319D07B1F00DEBDE0 /* NSData+ImageContentType.h */ = {isa = PBXFileReference; fileEncoding = 4; lastKnownFileType = sourcecode.c.h; path = "NSData+ImageContentType.h"; sourceTree = "<group>"; };
		02BCB87419D07B1F00DEBDE0 /* NSData+ImageContentType.m */ = {isa = PBXFileReference; fileEncoding = 4; lastKnownFileType = sourcecode.c.objc; path = "NSData+ImageContentType.m"; sourceTree = "<group>"; };
		02BCB87519D07B1F00DEBDE0 /* SDImageCache.h */ = {isa = PBXFileReference; fileEncoding = 4; lastKnownFileType = sourcecode.c.h; path = SDImageCache.h; sourceTree = "<group>"; };
		02BCB87619D07B1F00DEBDE0 /* SDImageCache.m */ = {isa = PBXFileReference; fileEncoding = 4; lastKnownFileType = sourcecode.c.objc; path = SDImageCache.m; sourceTree = "<group>"; };
		02BCB87719D07B1F00DEBDE0 /* SDWebImageCompat.h */ = {isa = PBXFileReference; fileEncoding = 4; lastKnownFileType = sourcecode.c.h; path = SDWebImageCompat.h; sourceTree = "<group>"; };
		02BCB87819D07B1F00DEBDE0 /* SDWebImageCompat.m */ = {isa = PBXFileReference; fileEncoding = 4; lastKnownFileType = sourcecode.c.objc; path = SDWebImageCompat.m; sourceTree = "<group>"; };
		02BCB87919D07B1F00DEBDE0 /* SDWebImageDecoder.h */ = {isa = PBXFileReference; fileEncoding = 4; lastKnownFileType = sourcecode.c.h; path = SDWebImageDecoder.h; sourceTree = "<group>"; };
		02BCB87A19D07B1F00DEBDE0 /* SDWebImageDecoder.m */ = {isa = PBXFileReference; fileEncoding = 4; lastKnownFileType = sourcecode.c.objc; path = SDWebImageDecoder.m; sourceTree = "<group>"; };
		02BCB87B19D07B1F00DEBDE0 /* SDWebImageDownloader.h */ = {isa = PBXFileReference; fileEncoding = 4; lastKnownFileType = sourcecode.c.h; path = SDWebImageDownloader.h; sourceTree = "<group>"; };
		02BCB87C19D07B1F00DEBDE0 /* SDWebImageDownloader.m */ = {isa = PBXFileReference; fileEncoding = 4; lastKnownFileType = sourcecode.c.objc; path = SDWebImageDownloader.m; sourceTree = "<group>"; };
		02BCB87D19D07B1F00DEBDE0 /* SDWebImageDownloaderOperation.h */ = {isa = PBXFileReference; fileEncoding = 4; lastKnownFileType = sourcecode.c.h; path = SDWebImageDownloaderOperation.h; sourceTree = "<group>"; };
		02BCB87E19D07B1F00DEBDE0 /* SDWebImageDownloaderOperation.m */ = {isa = PBXFileReference; fileEncoding = 4; lastKnownFileType = sourcecode.c.objc; path = SDWebImageDownloaderOperation.m; sourceTree = "<group>"; };
		02BCB87F19D07B1F00DEBDE0 /* SDWebImageManager.h */ = {isa = PBXFileReference; fileEncoding = 4; lastKnownFileType = sourcecode.c.h; path = SDWebImageManager.h; sourceTree = "<group>"; };
		02BCB88019D07B1F00DEBDE0 /* SDWebImageManager.m */ = {isa = PBXFileReference; fileEncoding = 4; lastKnownFileType = sourcecode.c.objc; path = SDWebImageManager.m; sourceTree = "<group>"; };
		02BCB88119D07B1F00DEBDE0 /* SDWebImageOperation.h */ = {isa = PBXFileReference; fileEncoding = 4; lastKnownFileType = sourcecode.c.h; path = SDWebImageOperation.h; sourceTree = "<group>"; };
		02BCB88219D07B1F00DEBDE0 /* SDWebImagePrefetcher.h */ = {isa = PBXFileReference; fileEncoding = 4; lastKnownFileType = sourcecode.c.h; path = SDWebImagePrefetcher.h; sourceTree = "<group>"; };
		02BCB88319D07B1F00DEBDE0 /* SDWebImagePrefetcher.m */ = {isa = PBXFileReference; fileEncoding = 4; lastKnownFileType = sourcecode.c.objc; path = SDWebImagePrefetcher.m; sourceTree = "<group>"; };
		02BCB88419D07B1F00DEBDE0 /* UIButton+WebCache.h */ = {isa = PBXFileReference; fileEncoding = 4; lastKnownFileType = sourcecode.c.h; path = "UIButton+WebCache.h"; sourceTree = "<group>"; };
		02BCB88519D07B1F00DEBDE0 /* UIButton+WebCache.m */ = {isa = PBXFileReference; fileEncoding = 4; lastKnownFileType = sourcecode.c.objc; path = "UIButton+WebCache.m"; sourceTree = "<group>"; };
		02BCB88619D07B1F00DEBDE0 /* UIImage+GIF.h */ = {isa = PBXFileReference; fileEncoding = 4; lastKnownFileType = sourcecode.c.h; path = "UIImage+GIF.h"; sourceTree = "<group>"; };
		02BCB88719D07B1F00DEBDE0 /* UIImage+GIF.m */ = {isa = PBXFileReference; fileEncoding = 4; lastKnownFileType = sourcecode.c.objc; path = "UIImage+GIF.m"; sourceTree = "<group>"; };
		02BCB88819D07B1F00DEBDE0 /* UIImage+MultiFormat.h */ = {isa = PBXFileReference; fileEncoding = 4; lastKnownFileType = sourcecode.c.h; path = "UIImage+MultiFormat.h"; sourceTree = "<group>"; };
		02BCB88919D07B1F00DEBDE0 /* UIImage+MultiFormat.m */ = {isa = PBXFileReference; fileEncoding = 4; lastKnownFileType = sourcecode.c.objc; path = "UIImage+MultiFormat.m"; sourceTree = "<group>"; };
		02BCB88A19D07B1F00DEBDE0 /* UIImageView+HighlightedWebCache.h */ = {isa = PBXFileReference; fileEncoding = 4; lastKnownFileType = sourcecode.c.h; path = "UIImageView+HighlightedWebCache.h"; sourceTree = "<group>"; };
		02BCB88B19D07B1F00DEBDE0 /* UIImageView+HighlightedWebCache.m */ = {isa = PBXFileReference; fileEncoding = 4; lastKnownFileType = sourcecode.c.objc; path = "UIImageView+HighlightedWebCache.m"; sourceTree = "<group>"; };
		02BCB88C19D07B1F00DEBDE0 /* UIImageView+WebCache.h */ = {isa = PBXFileReference; fileEncoding = 4; lastKnownFileType = sourcecode.c.h; path = "UIImageView+WebCache.h"; sourceTree = "<group>"; };
		02BCB88D19D07B1F00DEBDE0 /* UIImageView+WebCache.m */ = {isa = PBXFileReference; fileEncoding = 4; lastKnownFileType = sourcecode.c.objc; path = "UIImageView+WebCache.m"; sourceTree = "<group>"; };
		02BCB88E19D07B1F00DEBDE0 /* UIView+WebCacheOperation.h */ = {isa = PBXFileReference; fileEncoding = 4; lastKnownFileType = sourcecode.c.h; path = "UIView+WebCacheOperation.h"; sourceTree = "<group>"; };
		02BCB88F19D07B1F00DEBDE0 /* UIView+WebCacheOperation.m */ = {isa = PBXFileReference; fileEncoding = 4; lastKnownFileType = sourcecode.c.objc; path = "UIView+WebCacheOperation.m"; sourceTree = "<group>"; };
		02BCB89119D07B1F00DEBDE0 /* LICENSE.txt */ = {isa = PBXFileReference; fileEncoding = 4; lastKnownFileType = text; path = LICENSE.txt; sourceTree = "<group>"; };
		02BCB89219D07B1F00DEBDE0 /* README.md */ = {isa = PBXFileReference; fileEncoding = 4; lastKnownFileType = net.daringfireball.markdown; path = README.md; sourceTree = "<group>"; };
		02BCB89419D07B1F00DEBDE0 /* SVProgressHUD.bundle */ = {isa = PBXFileReference; lastKnownFileType = "wrapper.plug-in"; path = SVProgressHUD.bundle; sourceTree = "<group>"; };
		02BCB89519D07B1F00DEBDE0 /* SVProgressHUD.h */ = {isa = PBXFileReference; fileEncoding = 4; lastKnownFileType = sourcecode.c.h; path = SVProgressHUD.h; sourceTree = "<group>"; };
		02BCB89619D07B1F00DEBDE0 /* SVProgressHUD.m */ = {isa = PBXFileReference; fileEncoding = 4; lastKnownFileType = sourcecode.c.objc; path = SVProgressHUD.m; sourceTree = "<group>"; };
		3B03F64A19D1516500B9185C /* WorkPopView.h */ = {isa = PBXFileReference; fileEncoding = 4; lastKnownFileType = sourcecode.c.h; path = WorkPopView.h; sourceTree = "<group>"; };
		3B03F64B19D1516500B9185C /* WorkPopView.m */ = {isa = PBXFileReference; fileEncoding = 4; lastKnownFileType = sourcecode.c.objc; path = WorkPopView.m; sourceTree = "<group>"; };
		3B03F64D19D1517400B9185C /* WorkPopView.xib */ = {isa = PBXFileReference; fileEncoding = 4; lastKnownFileType = file.xib; path = WorkPopView.xib; sourceTree = "<group>"; };
		3B45D4B319BEA21900EFE2EA /* WorkingDetailCell.h */ = {isa = PBXFileReference; fileEncoding = 4; lastKnownFileType = sourcecode.c.h; path = WorkingDetailCell.h; sourceTree = "<group>"; };
		3B45D4B419BEA21900EFE2EA /* WorkingDetailCell.m */ = {isa = PBXFileReference; fileEncoding = 4; lastKnownFileType = sourcecode.c.objc; path = WorkingDetailCell.m; sourceTree = "<group>"; };
		3B45D4B619BEA23900EFE2EA /* WorkingDetailHistoryCell.h */ = {isa = PBXFileReference; fileEncoding = 4; lastKnownFileType = sourcecode.c.h; path = WorkingDetailHistoryCell.h; sourceTree = "<group>"; };
		3B45D4B719BEA23900EFE2EA /* WorkingDetailHistoryCell.m */ = {isa = PBXFileReference; fileEncoding = 4; lastKnownFileType = sourcecode.c.objc; path = WorkingDetailHistoryCell.m; sourceTree = "<group>"; };
		3B45D4B919BEDC7800EFE2EA /* ChooseProcessView.h */ = {isa = PBXFileReference; fileEncoding = 4; lastKnownFileType = sourcecode.c.h; path = ChooseProcessView.h; sourceTree = "<group>"; };
		3B45D4BA19BEDC7800EFE2EA /* ChooseProcessView.m */ = {isa = PBXFileReference; fileEncoding = 4; lastKnownFileType = sourcecode.c.objc; path = ChooseProcessView.m; sourceTree = "<group>"; };
		3BB1A15219C6C9A500E0CFA8 /* MJRefresh.bundle */ = {isa = PBXFileReference; lastKnownFileType = "wrapper.plug-in"; path = MJRefresh.bundle; sourceTree = "<group>"; };
		3BB1A15319C6C9A500E0CFA8 /* MJRefresh.h */ = {isa = PBXFileReference; fileEncoding = 4; lastKnownFileType = sourcecode.c.h; path = MJRefresh.h; sourceTree = "<group>"; };
		3BB1A15419C6C9A500E0CFA8 /* MJRefreshBaseView.h */ = {isa = PBXFileReference; fileEncoding = 4; lastKnownFileType = sourcecode.c.h; path = MJRefreshBaseView.h; sourceTree = "<group>"; };
		3BB1A15519C6C9A500E0CFA8 /* MJRefreshBaseView.m */ = {isa = PBXFileReference; fileEncoding = 4; lastKnownFileType = sourcecode.c.objc; path = MJRefreshBaseView.m; sourceTree = "<group>"; };
		3BB1A15619C6C9A500E0CFA8 /* MJRefreshConst.h */ = {isa = PBXFileReference; fileEncoding = 4; lastKnownFileType = sourcecode.c.h; path = MJRefreshConst.h; sourceTree = "<group>"; };
		3BB1A15719C6C9A500E0CFA8 /* MJRefreshConst.m */ = {isa = PBXFileReference; fileEncoding = 4; lastKnownFileType = sourcecode.c.objc; path = MJRefreshConst.m; sourceTree = "<group>"; };
		3BB1A15819C6C9A500E0CFA8 /* MJRefreshFooterView.h */ = {isa = PBXFileReference; fileEncoding = 4; lastKnownFileType = sourcecode.c.h; path = MJRefreshFooterView.h; sourceTree = "<group>"; };
		3BB1A15919C6C9A500E0CFA8 /* MJRefreshFooterView.m */ = {isa = PBXFileReference; fileEncoding = 4; lastKnownFileType = sourcecode.c.objc; path = MJRefreshFooterView.m; sourceTree = "<group>"; };
		3BB1A15A19C6C9A500E0CFA8 /* MJRefreshHeaderView.h */ = {isa = PBXFileReference; fileEncoding = 4; lastKnownFileType = sourcecode.c.h; path = MJRefreshHeaderView.h; sourceTree = "<group>"; };
		3BB1A15B19C6C9A500E0CFA8 /* MJRefreshHeaderView.m */ = {isa = PBXFileReference; fileEncoding = 4; lastKnownFileType = sourcecode.c.objc; path = MJRefreshHeaderView.m; sourceTree = "<group>"; };
		3BB1A15C19C6C9A500E0CFA8 /* UIScrollView+MJExtension.h */ = {isa = PBXFileReference; fileEncoding = 4; lastKnownFileType = sourcecode.c.h; path = "UIScrollView+MJExtension.h"; sourceTree = "<group>"; };
		3BB1A15D19C6C9A500E0CFA8 /* UIScrollView+MJExtension.m */ = {isa = PBXFileReference; fileEncoding = 4; lastKnownFileType = sourcecode.c.objc; path = "UIScrollView+MJExtension.m"; sourceTree = "<group>"; };
		3BB1A15E19C6C9A500E0CFA8 /* UIScrollView+MJRefresh.h */ = {isa = PBXFileReference; fileEncoding = 4; lastKnownFileType = sourcecode.c.h; path = "UIScrollView+MJRefresh.h"; sourceTree = "<group>"; };
		3BB1A15F19C6C9A500E0CFA8 /* UIScrollView+MJRefresh.m */ = {isa = PBXFileReference; fileEncoding = 4; lastKnownFileType = sourcecode.c.objc; path = "UIScrollView+MJRefresh.m"; sourceTree = "<group>"; };
		3BB1A16019C6C9A500E0CFA8 /* UIView+MJExtension.h */ = {isa = PBXFileReference; fileEncoding = 4; lastKnownFileType = sourcecode.c.h; path = "UIView+MJExtension.h"; sourceTree = "<group>"; };
		3BB1A16119C6C9A500E0CFA8 /* UIView+MJExtension.m */ = {isa = PBXFileReference; fileEncoding = 4; lastKnownFileType = sourcecode.c.objc; path = "UIView+MJExtension.m"; sourceTree = "<group>"; };
		3BB1A16A19C6D8C700E0CFA8 /* WorkingListCollectionCell.h */ = {isa = PBXFileReference; fileEncoding = 4; lastKnownFileType = sourcecode.c.h; path = WorkingListCollectionCell.h; sourceTree = "<group>"; };
		3BB1A16B19C6D8C700E0CFA8 /* WorkingListCollectionCell.m */ = {isa = PBXFileReference; fileEncoding = 4; lastKnownFileType = sourcecode.c.objc; path = WorkingListCollectionCell.m; sourceTree = "<group>"; };
		3BB1A16D19C6D9A500E0CFA8 /* CustomLayout.h */ = {isa = PBXFileReference; fileEncoding = 4; lastKnownFileType = sourcecode.c.h; path = CustomLayout.h; sourceTree = "<group>"; };
		3BB1A16E19C6D9A500E0CFA8 /* CustomLayout.m */ = {isa = PBXFileReference; fileEncoding = 4; lastKnownFileType = sourcecode.c.objc; path = CustomLayout.m; sourceTree = "<group>"; };
		3BF7F26819CAB773002D0CCC /* MWork.h */ = {isa = PBXFileReference; fileEncoding = 4; lastKnownFileType = sourcecode.c.h; path = MWork.h; sourceTree = "<group>"; };
		3BF7F26919CAB773002D0CCC /* MWork.m */ = {isa = PBXFileReference; fileEncoding = 4; lastKnownFileType = sourcecode.c.objc; path = MWork.m; sourceTree = "<group>"; };
		3BF7F26B19CAB787002D0CCC /* Models.h */ = {isa = PBXFileReference; lastKnownFileType = sourcecode.c.h; path = Models.h; sourceTree = "<group>"; };
		3BF7F26C19CABA34002D0CCC /* DateManager.h */ = {isa = PBXFileReference; fileEncoding = 4; lastKnownFileType = sourcecode.c.h; path = DateManager.h; sourceTree = "<group>"; };
		3BF7F26D19CABA34002D0CCC /* DateManager.m */ = {isa = PBXFileReference; fileEncoding = 4; lastKnownFileType = sourcecode.c.objc; path = DateManager.m; sourceTree = "<group>"; };
/* End PBXFileReference section */

/* Begin PBXFrameworksBuildPhase section */
		029202E919BB337C0042C09C /* Frameworks */ = {
			isa = PBXFrameworksBuildPhase;
			buildActionMask = 2147483647;
			files = (
				029202F219BB337C0042C09C /* CoreGraphics.framework in Frameworks */,
				029202F419BB337C0042C09C /* UIKit.framework in Frameworks */,
				029202F019BB337C0042C09C /* Foundation.framework in Frameworks */,
			);
			runOnlyForDeploymentPostprocessing = 0;
		};
		0292030D19BB337C0042C09C /* Frameworks */ = {
			isa = PBXFrameworksBuildPhase;
			buildActionMask = 2147483647;
			files = (
				0292031219BB337C0042C09C /* XCTest.framework in Frameworks */,
				0292031419BB337C0042C09C /* UIKit.framework in Frameworks */,
				0292031319BB337C0042C09C /* Foundation.framework in Frameworks */,
			);
			runOnlyForDeploymentPostprocessing = 0;
		};
/* End PBXFrameworksBuildPhase section */

/* Begin PBXGroup section */
		02110A0919BF3D9600DA33E2 /* NewsCells */ = {
			isa = PBXGroup;
			children = (
				02110A0A19BF3DB300DA33E2 /* NewsCell.h */,
				02110A0B19BF3DB300DA33E2 /* NewsCell.m */,
			);
			name = NewsCells;
			sourceTree = "<group>";
		};
		0231475819BC917D00C95DC0 /* PersonalCells */ = {
			isa = PBXGroup;
			children = (
				0231475919BC91B500C95DC0 /* PersonalImageCell.h */,
				0231475A19BC91B500C95DC0 /* PersonalImageCell.m */,
				0231475C19BC91CB00C95DC0 /* PersonalCell.h */,
				0231475D19BC91CB00C95DC0 /* PersonalCell.m */,
			);
			name = PersonalCells;
			sourceTree = "<group>";
		};
		02364BDD19BDD44F00083F37 /* WorkingListCells */ = {
			isa = PBXGroup;
			children = (
				3BB1A16D19C6D9A500E0CFA8 /* CustomLayout.h */,
				3BB1A16E19C6D9A500E0CFA8 /* CustomLayout.m */,
				02364BDE19BDD71300083F37 /* WorkingListCell.h */,
				02364BDF19BDD71300083F37 /* WorkingListCell.m */,
				0232A72019CD672D0083ECBC /* WorkingListCell.xib */,
				3BB1A16A19C6D8C700E0CFA8 /* WorkingListCollectionCell.h */,
				3BB1A16B19C6D8C700E0CFA8 /* WorkingListCollectionCell.m */,
			);
			name = WorkingListCells;
			sourceTree = "<group>";
		};
		02680FD819C878D4007EE2C5 /* Data */ = {
			isa = PBXGroup;
			children = (
				02680FD919C878F1007EE2C5 /* hylinkURLs.h */,
				3BF7F26B19CAB787002D0CCC /* Models.h */,
				023FCC1C19C9C5E30089127C /* AccountManager.h */,
				023FCC1D19C9C5E30089127C /* AccountManager.m */,
				3BF7F26C19CABA34002D0CCC /* DateManager.h */,
				3BF7F26D19CABA34002D0CCC /* DateManager.m */,
				3BF7F26819CAB773002D0CCC /* MWork.h */,
				3BF7F26919CAB773002D0CCC /* MWork.m */,
				0278BA2119CBBF9300600134 /* MWorkDetail.h */,
				0278BA2219CBBF9300600134 /* MWorkDetail.m */,
				0278BA2419CBC15500600134 /* MWorkDetailAction.h */,
				0278BA2519CBC15500600134 /* MWorkDetailAction.m */,
				0278BA2719CBC16C00600134 /* MWorkDetailComment.h */,
				0278BA2819CBC16C00600134 /* MWorkDetailComment.m */,
				0278BA2A19CBC18000600134 /* MWorkDetailItem.h */,
				0278BA2B19CBC18000600134 /* MWorkDetailItem.m */,
			);
			path = Data;
			sourceTree = "<group>";
		};
		029202E319BB337C0042C09C = {
			isa = PBXGroup;
			children = (
				029202F519BB337C0042C09C /* hylink */,
				0292031719BB337C0042C09C /* hylinkTests */,
				029202EE19BB337C0042C09C /* Frameworks */,
				029202ED19BB337C0042C09C /* Products */,
			);
			sourceTree = "<group>";
		};
		029202ED19BB337C0042C09C /* Products */ = {
			isa = PBXGroup;
			children = (
				029202EC19BB337C0042C09C /* hylink.app */,
				0292031019BB337C0042C09C /* hylinkTests.xctest */,
			);
			name = Products;
			sourceTree = "<group>";
		};
		029202EE19BB337C0042C09C /* Frameworks */ = {
			isa = PBXGroup;
			children = (
				029202EF19BB337C0042C09C /* Foundation.framework */,
				029202F119BB337C0042C09C /* CoreGraphics.framework */,
				029202F319BB337C0042C09C /* UIKit.framework */,
				0292031119BB337C0042C09C /* XCTest.framework */,
			);
			name = Frameworks;
			sourceTree = "<group>";
		};
		029202F519BB337C0042C09C /* hylink */ = {
			isa = PBXGroup;
			children = (
				02680FD819C878D4007EE2C5 /* Data */,
				0292034819BB7BF50042C09C /* Additions */,
				0292033719BB49600042C09C /* Views */,
				0292032719BB368F0042C09C /* Classes */,
				029202FE19BB337C0042C09C /* AppDelegate.h */,
				029202FF19BB337C0042C09C /* AppDelegate.m */,
				0292033419BB45F80042C09C /* HomeTabBarController.h */,
				0292033519BB45F80042C09C /* HomeTabBarController.m */,
				0292030119BB337C0042C09C /* Main.storyboard */,
				0292030A19BB337C0042C09C /* Images.xcassets */,
				029202F619BB337C0042C09C /* Supporting Files */,
			);
			path = hylink;
			sourceTree = "<group>";
		};
		029202F619BB337C0042C09C /* Supporting Files */ = {
			isa = PBXGroup;
			children = (
				029202F719BB337C0042C09C /* hylink-Info.plist */,
				029202F819BB337C0042C09C /* InfoPlist.strings */,
				029202FB19BB337C0042C09C /* main.m */,
				029202FD19BB337C0042C09C /* hylink-Prefix.pch */,
			);
			name = "Supporting Files";
			sourceTree = "<group>";
		};
		0292031719BB337C0042C09C /* hylinkTests */ = {
			isa = PBXGroup;
			children = (
				0292031D19BB337C0042C09C /* hylinkTests.m */,
				0292031819BB337C0042C09C /* Supporting Files */,
			);
			path = hylinkTests;
			sourceTree = "<group>";
		};
		0292031819BB337C0042C09C /* Supporting Files */ = {
			isa = PBXGroup;
			children = (
				0292031919BB337C0042C09C /* hylinkTests-Info.plist */,
				0292031A19BB337C0042C09C /* InfoPlist.strings */,
			);
			name = "Supporting Files";
			sourceTree = "<group>";
		};
		0292032719BB368F0042C09C /* Classes */ = {
			isa = PBXGroup;
			children = (
				0292034219BB67C60042C09C /* LoginViewController.h */,
				0292034319BB67C60042C09C /* LoginViewController.m */,
				0292034519BB78620042C09C /* ForgotPasswordViewController.h */,
				0292034619BB78620042C09C /* ForgotPasswordViewController.m */,
				0292032819BB36AF0042C09C /* WorkViewController.h */,
				0292032919BB36AF0042C09C /* WorkViewController.m */,
				02364BD719BD848200083F37 /* WorkingListViewController.h */,
				02364BD819BD848200083F37 /* WorkingListViewController.m */,
				0232A72219CDB1BB0083ECBC /* WorkingListSearchViewController.h */,
				0232A72319CDB1BB0083ECBC /* WorkingListSearchViewController.m */,
				02364BDD19BDD44F00083F37 /* WorkingListCells */,
				02364BE119BDDF4200083F37 /* WorkingDetailViewController.h */,
				02364BE219BDDF4200083F37 /* WorkingDetailViewController.m */,
				3B45D4B219BEA1EE00EFE2EA /* WorkingDetailCells */,
				0292032B19BB374C0042C09C /* NewsViewController.h */,
				0292032C19BB374C0042C09C /* NewsViewController.m */,
				02110A0919BF3D9600DA33E2 /* NewsCells */,
				0292032E19BB378D0042C09C /* PersonalViewController.h */,
				0292032F19BB378D0042C09C /* PersonalViewController.m */,
				0231475819BC917D00C95DC0 /* PersonalCells */,
				0292033119BB37E50042C09C /* SettingViewController.h */,
				0292033219BB37E50042C09C /* SettingViewController.m */,
				02A9241F19CE777C00756CE5 /* ChangePasswordViewController.h */,
				02A9242019CE777C00756CE5 /* ChangePasswordViewController.m */,
			);
			path = Classes;
			sourceTree = "<group>";
		};
		0292033719BB49600042C09C /* Views */ = {
			isa = PBXGroup;
			children = (
				0292033819BB49900042C09C /* CustomTabBarView.h */,
				0292033919BB49900042C09C /* CustomTabBarView.m */,
				0292033B19BB49A30042C09C /* CustomTabBarView.xib */,
				0292033F19BB52630042C09C /* CustomTabBarItem.h */,
				0292034019BB52630042C09C /* CustomTabBarItem.m */,
				0292033D19BB52540042C09C /* CustomTabBarItem.xib */,
				3B45D4B919BEDC7800EFE2EA /* ChooseProcessView.h */,
				3B45D4BA19BEDC7800EFE2EA /* ChooseProcessView.m */,
				02110A0D19BF457E00DA33E2 /* CustomSegmentedControl.h */,
				02110A0E19BF457E00DA33E2 /* CustomSegmentedControl.m */,
				3B03F64A19D1516500B9185C /* WorkPopView.h */,
				3B03F64B19D1516500B9185C /* WorkPopView.m */,
				3B03F64D19D1517400B9185C /* WorkPopView.xib */,
			);
			path = Views;
			sourceTree = "<group>";
		};
		0292034819BB7BF50042C09C /* Additions */ = {
			isa = PBXGroup;
			children = (
				02BCB84619D07B1F00DEBDE0 /* AFNetworking */,
				02BCB86F19D07B1F00DEBDE0 /* SDWebImage */,
				02BCB89019D07B1F00DEBDE0 /* SVProgressHUD */,
				3BB1A15119C6C9A500E0CFA8 /* MJRefresh */,
				0292039B19BB7C520042C09C /* Additions.h */,
				02364BDA19BD8C2500083F37 /* UIImage+UIColor.h */,
				02364BDB19BD8C2500083F37 /* UIImage+UIColor.m */,
				0292035E19BB7BF50042C09C /* NSObject+PerformBlockAfterDelay.h */,
				0292035F19BB7BF50042C09C /* NSObject+PerformBlockAfterDelay.m */,
				0292037519BB7BF50042C09C /* UIButton+Block.h */,
				0292037619BB7BF50042C09C /* UIButton+Block.m */,
				0292039C19BB7F990042C09C /* UIViewController+WhiteTitle.h */,
				0292039D19BB7F990042C09C /* UIViewController+WhiteTitle.m */,
				023FCC1919C9C4220089127C /* UIAlertView+ShowNotice.h */,
				023FCC1A19C9C4220089127C /* UIAlertView+ShowNotice.m */,
			);
			path = Additions;
			sourceTree = "<group>";
		};
		02BCB84619D07B1F00DEBDE0 /* AFNetworking */ = {
			isa = PBXGroup;
			children = (
				02BCB84719D07B1F00DEBDE0 /* AFNetworking */,
				02BCB85B19D07B1F00DEBDE0 /* LICENSE */,
				02BCB85C19D07B1F00DEBDE0 /* README.md */,
				02BCB85D19D07B1F00DEBDE0 /* UIKit+AFNetworking */,
			);
			path = AFNetworking;
			sourceTree = "<group>";
		};
		02BCB84719D07B1F00DEBDE0 /* AFNetworking */ = {
			isa = PBXGroup;
			children = (
				02BCB84819D07B1F00DEBDE0 /* AFHTTPRequestOperation.h */,
				02BCB84919D07B1F00DEBDE0 /* AFHTTPRequestOperation.m */,
				02BCB84A19D07B1F00DEBDE0 /* AFHTTPRequestOperationManager.h */,
				02BCB84B19D07B1F00DEBDE0 /* AFHTTPRequestOperationManager.m */,
				02BCB84C19D07B1F00DEBDE0 /* AFHTTPSessionManager.h */,
				02BCB84D19D07B1F00DEBDE0 /* AFHTTPSessionManager.m */,
				02BCB84E19D07B1F00DEBDE0 /* AFNetworking.h */,
				02BCB84F19D07B1F00DEBDE0 /* AFNetworkReachabilityManager.h */,
				02BCB85019D07B1F00DEBDE0 /* AFNetworkReachabilityManager.m */,
				02BCB85119D07B1F00DEBDE0 /* AFSecurityPolicy.h */,
				02BCB85219D07B1F00DEBDE0 /* AFSecurityPolicy.m */,
				02BCB85319D07B1F00DEBDE0 /* AFURLConnectionOperation.h */,
				02BCB85419D07B1F00DEBDE0 /* AFURLConnectionOperation.m */,
				02BCB85519D07B1F00DEBDE0 /* AFURLRequestSerialization.h */,
				02BCB85619D07B1F00DEBDE0 /* AFURLRequestSerialization.m */,
				02BCB85719D07B1F00DEBDE0 /* AFURLResponseSerialization.h */,
				02BCB85819D07B1F00DEBDE0 /* AFURLResponseSerialization.m */,
				02BCB85919D07B1F00DEBDE0 /* AFURLSessionManager.h */,
				02BCB85A19D07B1F00DEBDE0 /* AFURLSessionManager.m */,
			);
			path = AFNetworking;
			sourceTree = "<group>";
		};
		02BCB85D19D07B1F00DEBDE0 /* UIKit+AFNetworking */ = {
			isa = PBXGroup;
			children = (
				02BCB85E19D07B1F00DEBDE0 /* AFNetworkActivityIndicatorManager.h */,
				02BCB85F19D07B1F00DEBDE0 /* AFNetworkActivityIndicatorManager.m */,
				02BCB86019D07B1F00DEBDE0 /* UIActivityIndicatorView+AFNetworking.h */,
				02BCB86119D07B1F00DEBDE0 /* UIActivityIndicatorView+AFNetworking.m */,
				02BCB86219D07B1F00DEBDE0 /* UIAlertView+AFNetworking.h */,
				02BCB86319D07B1F00DEBDE0 /* UIAlertView+AFNetworking.m */,
				02BCB86419D07B1F00DEBDE0 /* UIButton+AFNetworking.h */,
				02BCB86519D07B1F00DEBDE0 /* UIButton+AFNetworking.m */,
				02BCB86619D07B1F00DEBDE0 /* UIImageView+AFNetworking.h */,
				02BCB86719D07B1F00DEBDE0 /* UIImageView+AFNetworking.m */,
				02BCB86819D07B1F00DEBDE0 /* UIKit+AFNetworking.h */,
				02BCB86919D07B1F00DEBDE0 /* UIProgressView+AFNetworking.h */,
				02BCB86A19D07B1F00DEBDE0 /* UIProgressView+AFNetworking.m */,
				02BCB86B19D07B1F00DEBDE0 /* UIRefreshControl+AFNetworking.h */,
				02BCB86C19D07B1F00DEBDE0 /* UIRefreshControl+AFNetworking.m */,
				02BCB86D19D07B1F00DEBDE0 /* UIWebView+AFNetworking.h */,
				02BCB86E19D07B1F00DEBDE0 /* UIWebView+AFNetworking.m */,
			);
			path = "UIKit+AFNetworking";
			sourceTree = "<group>";
		};
		02BCB86F19D07B1F00DEBDE0 /* SDWebImage */ = {
			isa = PBXGroup;
			children = (
				02BCB87019D07B1F00DEBDE0 /* LICENSE */,
				02BCB87119D07B1F00DEBDE0 /* README.md */,
				02BCB87219D07B1F00DEBDE0 /* SDWebImage */,
			);
			path = SDWebImage;
			sourceTree = "<group>";
		};
		02BCB87219D07B1F00DEBDE0 /* SDWebImage */ = {
			isa = PBXGroup;
			children = (
				02BCB87319D07B1F00DEBDE0 /* NSData+ImageContentType.h */,
				02BCB87419D07B1F00DEBDE0 /* NSData+ImageContentType.m */,
				02BCB87519D07B1F00DEBDE0 /* SDImageCache.h */,
				02BCB87619D07B1F00DEBDE0 /* SDImageCache.m */,
				02BCB87719D07B1F00DEBDE0 /* SDWebImageCompat.h */,
				02BCB87819D07B1F00DEBDE0 /* SDWebImageCompat.m */,
				02BCB87919D07B1F00DEBDE0 /* SDWebImageDecoder.h */,
				02BCB87A19D07B1F00DEBDE0 /* SDWebImageDecoder.m */,
				02BCB87B19D07B1F00DEBDE0 /* SDWebImageDownloader.h */,
				02BCB87C19D07B1F00DEBDE0 /* SDWebImageDownloader.m */,
				02BCB87D19D07B1F00DEBDE0 /* SDWebImageDownloaderOperation.h */,
				02BCB87E19D07B1F00DEBDE0 /* SDWebImageDownloaderOperation.m */,
				02BCB87F19D07B1F00DEBDE0 /* SDWebImageManager.h */,
				02BCB88019D07B1F00DEBDE0 /* SDWebImageManager.m */,
				02BCB88119D07B1F00DEBDE0 /* SDWebImageOperation.h */,
				02BCB88219D07B1F00DEBDE0 /* SDWebImagePrefetcher.h */,
				02BCB88319D07B1F00DEBDE0 /* SDWebImagePrefetcher.m */,
				02BCB88419D07B1F00DEBDE0 /* UIButton+WebCache.h */,
				02BCB88519D07B1F00DEBDE0 /* UIButton+WebCache.m */,
				02BCB88619D07B1F00DEBDE0 /* UIImage+GIF.h */,
				02BCB88719D07B1F00DEBDE0 /* UIImage+GIF.m */,
				02BCB88819D07B1F00DEBDE0 /* UIImage+MultiFormat.h */,
				02BCB88919D07B1F00DEBDE0 /* UIImage+MultiFormat.m */,
				02BCB88A19D07B1F00DEBDE0 /* UIImageView+HighlightedWebCache.h */,
				02BCB88B19D07B1F00DEBDE0 /* UIImageView+HighlightedWebCache.m */,
				02BCB88C19D07B1F00DEBDE0 /* UIImageView+WebCache.h */,
				02BCB88D19D07B1F00DEBDE0 /* UIImageView+WebCache.m */,
				02BCB88E19D07B1F00DEBDE0 /* UIView+WebCacheOperation.h */,
				02BCB88F19D07B1F00DEBDE0 /* UIView+WebCacheOperation.m */,
			);
			path = SDWebImage;
			sourceTree = "<group>";
		};
		02BCB89019D07B1F00DEBDE0 /* SVProgressHUD */ = {
			isa = PBXGroup;
			children = (
				02BCB89119D07B1F00DEBDE0 /* LICENSE.txt */,
				02BCB89219D07B1F00DEBDE0 /* README.md */,
				02BCB89319D07B1F00DEBDE0 /* SVProgressHUD */,
			);
			path = SVProgressHUD;
			sourceTree = "<group>";
		};
		02BCB89319D07B1F00DEBDE0 /* SVProgressHUD */ = {
			isa = PBXGroup;
			children = (
				02BCB89419D07B1F00DEBDE0 /* SVProgressHUD.bundle */,
				02BCB89519D07B1F00DEBDE0 /* SVProgressHUD.h */,
				02BCB89619D07B1F00DEBDE0 /* SVProgressHUD.m */,
			);
			path = SVProgressHUD;
			sourceTree = "<group>";
		};
		3B45D4B219BEA1EE00EFE2EA /* WorkingDetailCells */ = {
			isa = PBXGroup;
			children = (
				3B45D4B319BEA21900EFE2EA /* WorkingDetailCell.h */,
				3B45D4B419BEA21900EFE2EA /* WorkingDetailCell.m */,
				3B45D4B619BEA23900EFE2EA /* WorkingDetailHistoryCell.h */,
				3B45D4B719BEA23900EFE2EA /* WorkingDetailHistoryCell.m */,
			);
			name = WorkingDetailCells;
			sourceTree = "<group>";
		};
		3BB1A15119C6C9A500E0CFA8 /* MJRefresh */ = {
			isa = PBXGroup;
			children = (
				3BB1A15219C6C9A500E0CFA8 /* MJRefresh.bundle */,
				3BB1A15319C6C9A500E0CFA8 /* MJRefresh.h */,
				3BB1A15419C6C9A500E0CFA8 /* MJRefreshBaseView.h */,
				3BB1A15519C6C9A500E0CFA8 /* MJRefreshBaseView.m */,
				3BB1A15619C6C9A500E0CFA8 /* MJRefreshConst.h */,
				3BB1A15719C6C9A500E0CFA8 /* MJRefreshConst.m */,
				3BB1A15819C6C9A500E0CFA8 /* MJRefreshFooterView.h */,
				3BB1A15919C6C9A500E0CFA8 /* MJRefreshFooterView.m */,
				3BB1A15A19C6C9A500E0CFA8 /* MJRefreshHeaderView.h */,
				3BB1A15B19C6C9A500E0CFA8 /* MJRefreshHeaderView.m */,
				3BB1A15C19C6C9A500E0CFA8 /* UIScrollView+MJExtension.h */,
				3BB1A15D19C6C9A500E0CFA8 /* UIScrollView+MJExtension.m */,
				3BB1A15E19C6C9A500E0CFA8 /* UIScrollView+MJRefresh.h */,
				3BB1A15F19C6C9A500E0CFA8 /* UIScrollView+MJRefresh.m */,
				3BB1A16019C6C9A500E0CFA8 /* UIView+MJExtension.h */,
				3BB1A16119C6C9A500E0CFA8 /* UIView+MJExtension.m */,
			);
			path = MJRefresh;
			sourceTree = "<group>";
		};
/* End PBXGroup section */

/* Begin PBXNativeTarget section */
		029202EB19BB337C0042C09C /* hylink */ = {
			isa = PBXNativeTarget;
			buildConfigurationList = 0292032119BB337C0042C09C /* Build configuration list for PBXNativeTarget "hylink" */;
			buildPhases = (
				029202E819BB337C0042C09C /* Sources */,
				029202E919BB337C0042C09C /* Frameworks */,
				029202EA19BB337C0042C09C /* Resources */,
			);
			buildRules = (
			);
			dependencies = (
			);
			name = hylink;
			productName = hylink;
			productReference = 029202EC19BB337C0042C09C /* hylink.app */;
			productType = "com.apple.product-type.application";
		};
		0292030F19BB337C0042C09C /* hylinkTests */ = {
			isa = PBXNativeTarget;
			buildConfigurationList = 0292032419BB337C0042C09C /* Build configuration list for PBXNativeTarget "hylinkTests" */;
			buildPhases = (
				0292030C19BB337C0042C09C /* Sources */,
				0292030D19BB337C0042C09C /* Frameworks */,
				0292030E19BB337C0042C09C /* Resources */,
			);
			buildRules = (
			);
			dependencies = (
				0292031619BB337C0042C09C /* PBXTargetDependency */,
			);
			name = hylinkTests;
			productName = hylinkTests;
			productReference = 0292031019BB337C0042C09C /* hylinkTests.xctest */;
			productType = "com.apple.product-type.bundle.unit-test";
		};
/* End PBXNativeTarget section */

/* Begin PBXProject section */
		029202E419BB337C0042C09C /* Project object */ = {
			isa = PBXProject;
			attributes = {
				LastUpgradeCheck = 0510;
				ORGANIZATIONNAME = lidi;
				TargetAttributes = {
					0292030F19BB337C0042C09C = {
						TestTargetID = 029202EB19BB337C0042C09C;
					};
				};
			};
			buildConfigurationList = 029202E719BB337C0042C09C /* Build configuration list for PBXProject "hylink" */;
			compatibilityVersion = "Xcode 3.2";
			developmentRegion = English;
			hasScannedForEncodings = 0;
			knownRegions = (
				en,
				Base,
			);
			mainGroup = 029202E319BB337C0042C09C;
			productRefGroup = 029202ED19BB337C0042C09C /* Products */;
			projectDirPath = "";
			projectRoot = "";
			targets = (
				029202EB19BB337C0042C09C /* hylink */,
				0292030F19BB337C0042C09C /* hylinkTests */,
			);
		};
/* End PBXProject section */

/* Begin PBXResourcesBuildPhase section */
		029202EA19BB337C0042C09C /* Resources */ = {
			isa = PBXResourcesBuildPhase;
			buildActionMask = 2147483647;
			files = (
				0292030B19BB337C0042C09C /* Images.xcassets in Resources */,
				3B03F64E19D1517400B9185C /* WorkPopView.xib in Resources */,
				3BB1A16219C6C9A500E0CFA8 /* MJRefresh.bundle in Resources */,
				02BCB8A019D07B1F00DEBDE0 /* LICENSE in Resources */,
				029202FA19BB337C0042C09C /* InfoPlist.strings in Resources */,
				0292030319BB337C0042C09C /* Main.storyboard in Resources */,
				0292033E19BB52540042C09C /* CustomTabBarItem.xib in Resources */,
				02BCB8AA19D07B1F00DEBDE0 /* LICENSE in Resources */,
				0292033C19BB49A30042C09C /* CustomTabBarView.xib in Resources */,
				02BCB8BA19D07B1F00DEBDE0 /* LICENSE.txt in Resources */,
				0232A72119CD672D0083ECBC /* WorkingListCell.xib in Resources */,
				02BCB8BC19D07B1F00DEBDE0 /* SVProgressHUD.bundle in Resources */,
			);
			runOnlyForDeploymentPostprocessing = 0;
		};
		0292030E19BB337C0042C09C /* Resources */ = {
			isa = PBXResourcesBuildPhase;
			buildActionMask = 2147483647;
			files = (
				0292031C19BB337C0042C09C /* InfoPlist.strings in Resources */,
			);
			runOnlyForDeploymentPostprocessing = 0;
		};
/* End PBXResourcesBuildPhase section */

/* Begin PBXSourcesBuildPhase section */
		029202E819BB337C0042C09C /* Sources */ = {
			isa = PBXSourcesBuildPhase;
			buildActionMask = 2147483647;
			files = (
				02BCB89F19D07B1F00DEBDE0 /* AFURLSessionManager.m in Sources */,
				0292034719BB78620042C09C /* ForgotPasswordViewController.m in Sources */,
				0292030019BB337C0042C09C /* AppDelegate.m in Sources */,
				02BCB8A419D07B1F00DEBDE0 /* UIAlertView+AFNetworking.m in Sources */,
				02BCB8A819D07B1F00DEBDE0 /* UIRefreshControl+AFNetworking.m in Sources */,
				02BCB8A719D07B1F00DEBDE0 /* UIProgressView+AFNetworking.m in Sources */,
				02110A0C19BF3DB300DA33E2 /* NewsCell.m in Sources */,
				02BCB8B519D07B1F00DEBDE0 /* UIImage+GIF.m in Sources */,
				02BCB8A219D07B1F00DEBDE0 /* AFNetworkActivityIndicatorManager.m in Sources */,
				3BB1A16819C6C9A500E0CFA8 /* UIScrollView+MJRefresh.m in Sources */,
				02BCB8B819D07B1F00DEBDE0 /* UIImageView+WebCache.m in Sources */,
				02BCB8A319D07B1F00DEBDE0 /* UIActivityIndicatorView+AFNetworking.m in Sources */,
				02BCB89C19D07B1F00DEBDE0 /* AFURLConnectionOperation.m in Sources */,
				0292033619BB45F80042C09C /* HomeTabBarController.m in Sources */,
				02BCB8B019D07B1F00DEBDE0 /* SDWebImageDownloader.m in Sources */,
				0278BA2319CBBF9300600134 /* MWorkDetail.m in Sources */,
				02364BE019BDD71300083F37 /* WorkingListCell.m in Sources */,
				3BB1A16F19C6D9A500E0CFA8 /* CustomLayout.m in Sources */,
				3BB1A16419C6C9A500E0CFA8 /* MJRefreshConst.m in Sources */,
				02BCB8B719D07B1F00DEBDE0 /* UIImageView+HighlightedWebCache.m in Sources */,
				3BB1A16919C6C9A500E0CFA8 /* UIView+MJExtension.m in Sources */,
				029202FC19BB337C0042C09C /* main.m in Sources */,
				02BCB89D19D07B1F00DEBDE0 /* AFURLRequestSerialization.m in Sources */,
				3BB1A16319C6C9A500E0CFA8 /* MJRefreshBaseView.m in Sources */,
				02BCB8B619D07B1F00DEBDE0 /* UIImage+MultiFormat.m in Sources */,
				0292032A19BB36AF0042C09C /* WorkViewController.m in Sources */,
				0292039E19BB7F990042C09C /* UIViewController+WhiteTitle.m in Sources */,
				02BCB89819D07B1F00DEBDE0 /* AFHTTPRequestOperationManager.m in Sources */,
				0292034419BB67C60042C09C /* LoginViewController.m in Sources */,
				02BCB8AB19D07B1F00DEBDE0 /* README.md in Sources */,
				02BCB8BB19D07B1F00DEBDE0 /* README.md in Sources */,
				02BCB89E19D07B1F00DEBDE0 /* AFURLResponseSerialization.m in Sources */,
				02BCB8AC19D07B1F00DEBDE0 /* NSData+ImageContentType.m in Sources */,
				3BB1A16619C6C9A500E0CFA8 /* MJRefreshHeaderView.m in Sources */,
				0292038919BB7BF50042C09C /* NSObject+PerformBlockAfterDelay.m in Sources */,
				02364BD919BD848200083F37 /* WorkingListViewController.m in Sources */,
				02BCB8A919D07B1F00DEBDE0 /* UIWebView+AFNetworking.m in Sources */,
				0278BA2919CBC16C00600134 /* MWorkDetailComment.m in Sources */,
				0292033019BB378D0042C09C /* PersonalViewController.m in Sources */,
				02BCB89B19D07B1F00DEBDE0 /* AFSecurityPolicy.m in Sources */,
				3B45D4B819BEA23900EFE2EA /* WorkingDetailHistoryCell.m in Sources */,
				02BCB89A19D07B1F00DEBDE0 /* AFNetworkReachabilityManager.m in Sources */,
				0292039619BB7BF50042C09C /* UIButton+Block.m in Sources */,
				02110A0F19BF457E00DA33E2 /* CustomSegmentedControl.m in Sources */,
				02364BDC19BD8C2500083F37 /* UIImage+UIColor.m in Sources */,
				0278BA2619CBC15500600134 /* MWorkDetailAction.m in Sources */,
				0231475B19BC91B500C95DC0 /* PersonalImageCell.m in Sources */,
				3B45D4B519BEA21900EFE2EA /* WorkingDetailCell.m in Sources */,
				02BCB89719D07B1F00DEBDE0 /* AFHTTPRequestOperation.m in Sources */,
				02BCB89919D07B1F00DEBDE0 /* AFHTTPSessionManager.m in Sources */,
				02BCB8A619D07B1F00DEBDE0 /* UIImageView+AFNetworking.m in Sources */,
				3BF7F26A19CAB773002D0CCC /* MWork.m in Sources */,
				02BCB8A519D07B1F00DEBDE0 /* UIButton+AFNetworking.m in Sources */,
				02BCB8B319D07B1F00DEBDE0 /* SDWebImagePrefetcher.m in Sources */,
				3BB1A16519C6C9A500E0CFA8 /* MJRefreshFooterView.m in Sources */,
				0292032D19BB374C0042C09C /* NewsViewController.m in Sources */,
				02BCB8AD19D07B1F00DEBDE0 /* SDImageCache.m in Sources */,
				0278BA2C19CBC18000600134 /* MWorkDetailItem.m in Sources */,
				0292033319BB37E50042C09C /* SettingViewController.m in Sources */,
				3BB1A16719C6C9A500E0CFA8 /* UIScrollView+MJExtension.m in Sources */,
				02BCB8B919D07B1F00DEBDE0 /* UIView+WebCacheOperation.m in Sources */,
				02BCB8A119D07B1F00DEBDE0 /* README.md in Sources */,
				0231475E19BC91CB00C95DC0 /* PersonalCell.m in Sources */,
				02BCB8AE19D07B1F00DEBDE0 /* SDWebImageCompat.m in Sources */,
				02BCB8B219D07B1F00DEBDE0 /* SDWebImageManager.m in Sources */,
				0232A72419CDB1BB0083ECBC /* WorkingListSearchViewController.m in Sources */,
				023FCC1B19C9C4220089127C /* UIAlertView+ShowNotice.m in Sources */,
				02BCB8B419D07B1F00DEBDE0 /* UIButton+WebCache.m in Sources */,
				0292034119BB52630042C09C /* CustomTabBarItem.m in Sources */,
				3B03F64C19D1516500B9185C /* WorkPopView.m in Sources */,
				3BB1A16C19C6D8C700E0CFA8 /* WorkingListCollectionCell.m in Sources */,
				3B45D4BB19BEDC7800EFE2EA /* ChooseProcessView.m in Sources */,
				02BCB8AF19D07B1F00DEBDE0 /* SDWebImageDecoder.m in Sources */,
				02BCB8B119D07B1F00DEBDE0 /* SDWebImageDownloaderOperation.m in Sources */,
				0292033A19BB49900042C09C /* CustomTabBarView.m in Sources */,
				3BF7F26E19CABA34002D0CCC /* DateManager.m in Sources */,
				02A9242119CE777C00756CE5 /* ChangePasswordViewController.m in Sources */,
				02364BE319BDDF4200083F37 /* WorkingDetailViewController.m in Sources */,
				023FCC1E19C9C5E30089127C /* AccountManager.m in Sources */,
				02BCB8BD19D07B1F00DEBDE0 /* SVProgressHUD.m in Sources */,
			);
			runOnlyForDeploymentPostprocessing = 0;
		};
		0292030C19BB337C0042C09C /* Sources */ = {
			isa = PBXSourcesBuildPhase;
			buildActionMask = 2147483647;
			files = (
				0292031E19BB337C0042C09C /* hylinkTests.m in Sources */,
			);
			runOnlyForDeploymentPostprocessing = 0;
		};
/* End PBXSourcesBuildPhase section */

/* Begin PBXTargetDependency section */
		0292031619BB337C0042C09C /* PBXTargetDependency */ = {
			isa = PBXTargetDependency;
			target = 029202EB19BB337C0042C09C /* hylink */;
			targetProxy = 0292031519BB337C0042C09C /* PBXContainerItemProxy */;
		};
/* End PBXTargetDependency section */

/* Begin PBXVariantGroup section */
		029202F819BB337C0042C09C /* InfoPlist.strings */ = {
			isa = PBXVariantGroup;
			children = (
				029202F919BB337C0042C09C /* en */,
			);
			name = InfoPlist.strings;
			sourceTree = "<group>";
		};
		0292030119BB337C0042C09C /* Main.storyboard */ = {
			isa = PBXVariantGroup;
			children = (
				0292030219BB337C0042C09C /* Base */,
			);
			name = Main.storyboard;
			sourceTree = "<group>";
		};
		0292031A19BB337C0042C09C /* InfoPlist.strings */ = {
			isa = PBXVariantGroup;
			children = (
				0292031B19BB337C0042C09C /* en */,
			);
			name = InfoPlist.strings;
			sourceTree = "<group>";
		};
/* End PBXVariantGroup section */

/* Begin XCBuildConfiguration section */
		0292031F19BB337C0042C09C /* Debug */ = {
			isa = XCBuildConfiguration;
			buildSettings = {
				ALWAYS_SEARCH_USER_PATHS = NO;
				CLANG_CXX_LANGUAGE_STANDARD = "gnu++0x";
				CLANG_CXX_LIBRARY = "libc++";
				CLANG_ENABLE_MODULES = YES;
				CLANG_ENABLE_OBJC_ARC = YES;
				CLANG_WARN_BOOL_CONVERSION = YES;
				CLANG_WARN_CONSTANT_CONVERSION = YES;
				CLANG_WARN_DIRECT_OBJC_ISA_USAGE = YES_ERROR;
				CLANG_WARN_EMPTY_BODY = YES;
				CLANG_WARN_ENUM_CONVERSION = YES;
				CLANG_WARN_INT_CONVERSION = YES;
				CLANG_WARN_OBJC_ROOT_CLASS = YES_ERROR;
				CLANG_WARN__DUPLICATE_METHOD_MATCH = YES;
				CODE_SIGN_IDENTITY = "iPhone Developer: CHENG NAN (R79JFQ5VKW)";
				"CODE_SIGN_IDENTITY[sdk=iphoneos*]" = "iPhone Developer: CHENG NAN (R79JFQ5VKW)";
				COPY_PHASE_STRIP = NO;
				GCC_C_LANGUAGE_STANDARD = gnu99;
				GCC_DYNAMIC_NO_PIC = NO;
				GCC_OPTIMIZATION_LEVEL = 0;
				GCC_PREPROCESSOR_DEFINITIONS = (
					"DEBUG=1",
					"$(inherited)",
				);
				GCC_SYMBOLS_PRIVATE_EXTERN = NO;
				GCC_WARN_64_TO_32_BIT_CONVERSION = YES;
				GCC_WARN_ABOUT_RETURN_TYPE = YES_ERROR;
				GCC_WARN_UNDECLARED_SELECTOR = YES;
				GCC_WARN_UNINITIALIZED_AUTOS = YES_AGGRESSIVE;
				GCC_WARN_UNUSED_FUNCTION = YES;
				GCC_WARN_UNUSED_VARIABLE = YES;
				IPHONEOS_DEPLOYMENT_TARGET = 7.0;
				ONLY_ACTIVE_ARCH = YES;
				PROVISIONING_PROFILE = "9e33da14-1e2c-497f-93b3-5201fb350b8a";
				SDKROOT = iphoneos;
			};
			name = Debug;
		};
		0292032019BB337C0042C09C /* Release */ = {
			isa = XCBuildConfiguration;
			buildSettings = {
				ALWAYS_SEARCH_USER_PATHS = NO;
				CLANG_CXX_LANGUAGE_STANDARD = "gnu++0x";
				CLANG_CXX_LIBRARY = "libc++";
				CLANG_ENABLE_MODULES = YES;
				CLANG_ENABLE_OBJC_ARC = YES;
				CLANG_WARN_BOOL_CONVERSION = YES;
				CLANG_WARN_CONSTANT_CONVERSION = YES;
				CLANG_WARN_DIRECT_OBJC_ISA_USAGE = YES_ERROR;
				CLANG_WARN_EMPTY_BODY = YES;
				CLANG_WARN_ENUM_CONVERSION = YES;
				CLANG_WARN_INT_CONVERSION = YES;
				CLANG_WARN_OBJC_ROOT_CLASS = YES_ERROR;
				CLANG_WARN__DUPLICATE_METHOD_MATCH = YES;
				CODE_SIGN_IDENTITY = "iPhone Distribution: CHENG NAN (222UUNEN4P)";
				"CODE_SIGN_IDENTITY[sdk=iphoneos*]" = "iPhone Distribution: CHENG NAN (222UUNEN4P)";
				COPY_PHASE_STRIP = YES;
				ENABLE_NS_ASSERTIONS = NO;
				GCC_C_LANGUAGE_STANDARD = gnu99;
				GCC_WARN_64_TO_32_BIT_CONVERSION = YES;
				GCC_WARN_ABOUT_RETURN_TYPE = YES_ERROR;
				GCC_WARN_UNDECLARED_SELECTOR = YES;
				GCC_WARN_UNINITIALIZED_AUTOS = YES_AGGRESSIVE;
				GCC_WARN_UNUSED_FUNCTION = YES;
				GCC_WARN_UNUSED_VARIABLE = YES;
				IPHONEOS_DEPLOYMENT_TARGET = 7.0;
				ONLY_ACTIVE_ARCH = NO;
				PROVISIONING_PROFILE = "9e33da14-1e2c-497f-93b3-5201fb350b8a";
				SDKROOT = iphoneos;
				VALIDATE_PRODUCT = YES;
			};
			name = Release;
		};
		0292032219BB337C0042C09C /* Debug */ = {
			isa = XCBuildConfiguration;
			buildSettings = {
				ASSETCATALOG_COMPILER_APPICON_NAME = AppIcon;
				ASSETCATALOG_COMPILER_LAUNCHIMAGE_NAME = LaunchImage;
				CODE_SIGN_IDENTITY = "iPhone Developer: CHENG NAN (R79JFQ5VKW)";
				"CODE_SIGN_IDENTITY[sdk=iphoneos*]" = "iPhone Developer: CHENG NAN (R79JFQ5VKW)";
				GCC_PRECOMPILE_PREFIX_HEADER = YES;
				GCC_PREFIX_HEADER = "hylink/hylink-Prefix.pch";
				INFOPLIST_FILE = "hylink/hylink-Info.plist";
				IPHONEOS_DEPLOYMENT_TARGET = 7.0;
				PRODUCT_NAME = "$(TARGET_NAME)";
				PROVISIONING_PROFILE = "9e33da14-1e2c-497f-93b3-5201fb350b8a";
				WRAPPER_EXTENSION = app;
			};
			name = Debug;
		};
		0292032319BB337C0042C09C /* Release */ = {
			isa = XCBuildConfiguration;
			buildSettings = {
				ASSETCATALOG_COMPILER_APPICON_NAME = AppIcon;
				ASSETCATALOG_COMPILER_LAUNCHIMAGE_NAME = LaunchImage;
				CODE_SIGN_IDENTITY = "iPhone Distribution: CHENG NAN (222UUNEN4P)";
				"CODE_SIGN_IDENTITY[sdk=iphoneos*]" = "iPhone Distribution: CHENG NAN (222UUNEN4P)";
				GCC_PRECOMPILE_PREFIX_HEADER = YES;
				GCC_PREFIX_HEADER = "hylink/hylink-Prefix.pch";
				INFOPLIST_FILE = "hylink/hylink-Info.plist";
				IPHONEOS_DEPLOYMENT_TARGET = 7.0;
				PRODUCT_NAME = "$(TARGET_NAME)";
				PROVISIONING_PROFILE = "9e33da14-1e2c-497f-93b3-5201fb350b8a";
				WRAPPER_EXTENSION = app;
			};
			name = Release;
		};
		0292032519BB337C0042C09C /* Debug */ = {
			isa = XCBuildConfiguration;
			buildSettings = {
				BUNDLE_LOADER = "$(BUILT_PRODUCTS_DIR)/hylink.app/hylink";
				FRAMEWORK_SEARCH_PATHS = (
					"$(SDKROOT)/Developer/Library/Frameworks",
					"$(inherited)",
					"$(DEVELOPER_FRAMEWORKS_DIR)",
				);
				GCC_PRECOMPILE_PREFIX_HEADER = YES;
				GCC_PREFIX_HEADER = "hylink/hylink-Prefix.pch";
				GCC_PREPROCESSOR_DEFINITIONS = (
					"DEBUG=1",
					"$(inherited)",
				);
				INFOPLIST_FILE = "hylinkTests/hylinkTests-Info.plist";
				PRODUCT_NAME = "$(TARGET_NAME)";
				TEST_HOST = "$(BUNDLE_LOADER)";
				WRAPPER_EXTENSION = xctest;
			};
			name = Debug;
		};
		0292032619BB337C0042C09C /* Release */ = {
			isa = XCBuildConfiguration;
			buildSettings = {
				BUNDLE_LOADER = "$(BUILT_PRODUCTS_DIR)/hylink.app/hylink";
				FRAMEWORK_SEARCH_PATHS = (
					"$(SDKROOT)/Developer/Library/Frameworks",
					"$(inherited)",
					"$(DEVELOPER_FRAMEWORKS_DIR)",
				);
				GCC_PRECOMPILE_PREFIX_HEADER = YES;
				GCC_PREFIX_HEADER = "hylink/hylink-Prefix.pch";
				INFOPLIST_FILE = "hylinkTests/hylinkTests-Info.plist";
				PRODUCT_NAME = "$(TARGET_NAME)";
				TEST_HOST = "$(BUNDLE_LOADER)";
				WRAPPER_EXTENSION = xctest;
			};
			name = Release;
		};
/* End XCBuildConfiguration section */

/* Begin XCConfigurationList section */
		029202E719BB337C0042C09C /* Build configuration list for PBXProject "hylink" */ = {
			isa = XCConfigurationList;
			buildConfigurations = (
				0292031F19BB337C0042C09C /* Debug */,
				0292032019BB337C0042C09C /* Release */,
			);
			defaultConfigurationIsVisible = 0;
			defaultConfigurationName = Release;
		};
		0292032119BB337C0042C09C /* Build configuration list for PBXNativeTarget "hylink" */ = {
			isa = XCConfigurationList;
			buildConfigurations = (
				0292032219BB337C0042C09C /* Debug */,
				0292032319BB337C0042C09C /* Release */,
			);
			defaultConfigurationIsVisible = 0;
			defaultConfigurationName = Release;
		};
		0292032419BB337C0042C09C /* Build configuration list for PBXNativeTarget "hylinkTests" */ = {
			isa = XCConfigurationList;
			buildConfigurations = (
				0292032519BB337C0042C09C /* Debug */,
				0292032619BB337C0042C09C /* Release */,
			);
			defaultConfigurationIsVisible = 0;
			defaultConfigurationName = Release;
		};
/* End XCConfigurationList section */
	};
	rootObject = 029202E419BB337C0042C09C /* Project object */;
}
